// !$*UTF8*$!
{
	archiveVersion = 1;
	classes = {
	};
	objectVersion = 51;
	objects = {

/* Begin PBXBuildFile section */
		403502A026CB4B4B004BD348 /* AppDelegate.swift in Sources */ = {isa = PBXBuildFile; fileRef = 4035029F26CB4B4B004BD348 /* AppDelegate.swift */; };
		403502A226CB4B4B004BD348 /* SceneDelegate.swift in Sources */ = {isa = PBXBuildFile; fileRef = 403502A126CB4B4B004BD348 /* SceneDelegate.swift */; };
		403502A426CB4B4B004BD348 /* ExampleListViewController.swift in Sources */ = {isa = PBXBuildFile; fileRef = 403502A326CB4B4B004BD348 /* ExampleListViewController.swift */; };
		403502A726CB4B4B004BD348 /* Main.storyboard in Resources */ = {isa = PBXBuildFile; fileRef = 403502A526CB4B4B004BD348 /* Main.storyboard */; };
		403502A926CB4B4D004BD348 /* Assets.xcassets in Resources */ = {isa = PBXBuildFile; fileRef = 403502A826CB4B4D004BD348 /* Assets.xcassets */; };
		403502AC26CB4B4D004BD348 /* LaunchScreen.storyboard in Resources */ = {isa = PBXBuildFile; fileRef = 403502AA26CB4B4D004BD348 /* LaunchScreen.storyboard */; };
		403502B526CB4FB0004BD348 /* AnimatedCustomTabBarController.swift in Sources */ = {isa = PBXBuildFile; fileRef = 403502B426CB4FB0004BD348 /* AnimatedCustomTabBarController.swift */; };
		403502BA26CB5EF3004BD348 /* GradientViewController.swift in Sources */ = {isa = PBXBuildFile; fileRef = 403502B926CB5EF3004BD348 /* GradientViewController.swift */; };
		403502BD26CB61F2004BD348 /* DateFormatterViewController.swift in Sources */ = {isa = PBXBuildFile; fileRef = 403502BC26CB61F2004BD348 /* DateFormatterViewController.swift */; };
		403502C226CB847F004BD348 /* AlarmModel.swift in Sources */ = {isa = PBXBuildFile; fileRef = 403502C126CB847F004BD348 /* AlarmModel.swift */; };
		403502C426CB84F0004BD348 /* AlarmViewController.swift in Sources */ = {isa = PBXBuildFile; fileRef = 403502C326CB84F0004BD348 /* AlarmViewController.swift */; };
		403502C826CB88EA004BD348 /* AddAlarmViewController.swift in Sources */ = {isa = PBXBuildFile; fileRef = 403502C726CB88EA004BD348 /* AddAlarmViewController.swift */; };
		403502CE26CBBD6B004BD348 /* CheckViewController.swift in Sources */ = {isa = PBXBuildFile; fileRef = 403502CD26CBBD6B004BD348 /* CheckViewController.swift */; };
		403502D026CBBD9D004BD348 /* CheckModel.swift in Sources */ = {isa = PBXBuildFile; fileRef = 403502CF26CBBD9D004BD348 /* CheckModel.swift */; };
		403502D326CBCDC0004BD348 /* ColorWellViewController.swift in Sources */ = {isa = PBXBuildFile; fileRef = 403502D226CBCDC0004BD348 /* ColorWellViewController.swift */; };
		403502D626CBE46C004BD348 /* FontPickerViewController.swift in Sources */ = {isa = PBXBuildFile; fileRef = 403502D526CBE46C004BD348 /* FontPickerViewController.swift */; };
		403502D926CBF490004BD348 /* CustomTabBarController.swift in Sources */ = {isa = PBXBuildFile; fileRef = 403502D826CBF490004BD348 /* CustomTabBarController.swift */; };
		403502DB26CBF546004BD348 /* CustomTabBar.swift in Sources */ = {isa = PBXBuildFile; fileRef = 403502DA26CBF546004BD348 /* CustomTabBar.swift */; };
		E9A3D8F98CDB652CA81284FC /* Pods_ios100ToyExample.framework in Frameworks */ = {isa = PBXBuildFile; fileRef = 10AF8711D20BB765BDA94AB6 /* Pods_ios100ToyExample.framework */; };
/* End PBXBuildFile section */

/* Begin PBXFileReference section */
		10AF8711D20BB765BDA94AB6 /* Pods_ios100ToyExample.framework */ = {isa = PBXFileReference; explicitFileType = wrapper.framework; includeInIndex = 0; path = Pods_ios100ToyExample.framework; sourceTree = BUILT_PRODUCTS_DIR; };
		4035029C26CB4B4B004BD348 /* ios100ToyExample.app */ = {isa = PBXFileReference; explicitFileType = wrapper.application; includeInIndex = 0; path = ios100ToyExample.app; sourceTree = BUILT_PRODUCTS_DIR; };
		4035029F26CB4B4B004BD348 /* AppDelegate.swift */ = {isa = PBXFileReference; lastKnownFileType = sourcecode.swift; path = AppDelegate.swift; sourceTree = "<group>"; };
		403502A126CB4B4B004BD348 /* SceneDelegate.swift */ = {isa = PBXFileReference; lastKnownFileType = sourcecode.swift; path = SceneDelegate.swift; sourceTree = "<group>"; };
		403502A326CB4B4B004BD348 /* ExampleListViewController.swift */ = {isa = PBXFileReference; lastKnownFileType = sourcecode.swift; path = ExampleListViewController.swift; sourceTree = "<group>"; };
		403502A626CB4B4B004BD348 /* Base */ = {isa = PBXFileReference; lastKnownFileType = file.storyboard; name = Base; path = Base.lproj/Main.storyboard; sourceTree = "<group>"; };
		403502A826CB4B4D004BD348 /* Assets.xcassets */ = {isa = PBXFileReference; lastKnownFileType = folder.assetcatalog; path = Assets.xcassets; sourceTree = "<group>"; };
		403502AB26CB4B4D004BD348 /* Base */ = {isa = PBXFileReference; lastKnownFileType = file.storyboard; name = Base; path = Base.lproj/LaunchScreen.storyboard; sourceTree = "<group>"; };
		403502AD26CB4B4D004BD348 /* Info.plist */ = {isa = PBXFileReference; lastKnownFileType = text.plist.xml; path = Info.plist; sourceTree = "<group>"; };
		403502B426CB4FB0004BD348 /* AnimatedCustomTabBarController.swift */ = {isa = PBXFileReference; lastKnownFileType = sourcecode.swift; path = AnimatedCustomTabBarController.swift; sourceTree = "<group>"; };
		403502B926CB5EF3004BD348 /* GradientViewController.swift */ = {isa = PBXFileReference; lastKnownFileType = sourcecode.swift; path = GradientViewController.swift; sourceTree = "<group>"; };
		403502BC26CB61F2004BD348 /* DateFormatterViewController.swift */ = {isa = PBXFileReference; lastKnownFileType = sourcecode.swift; path = DateFormatterViewController.swift; sourceTree = "<group>"; };
		403502C126CB847F004BD348 /* AlarmModel.swift */ = {isa = PBXFileReference; lastKnownFileType = sourcecode.swift; path = AlarmModel.swift; sourceTree = "<group>"; };
		403502C326CB84F0004BD348 /* AlarmViewController.swift */ = {isa = PBXFileReference; lastKnownFileType = sourcecode.swift; path = AlarmViewController.swift; sourceTree = "<group>"; };
		403502C726CB88EA004BD348 /* AddAlarmViewController.swift */ = {isa = PBXFileReference; lastKnownFileType = sourcecode.swift; path = AddAlarmViewController.swift; sourceTree = "<group>"; };
		403502CD26CBBD6B004BD348 /* CheckViewController.swift */ = {isa = PBXFileReference; lastKnownFileType = sourcecode.swift; path = CheckViewController.swift; sourceTree = "<group>"; };
		403502CF26CBBD9D004BD348 /* CheckModel.swift */ = {isa = PBXFileReference; lastKnownFileType = sourcecode.swift; path = CheckModel.swift; sourceTree = "<group>"; };
		403502D226CBCDC0004BD348 /* ColorWellViewController.swift */ = {isa = PBXFileReference; lastKnownFileType = sourcecode.swift; path = ColorWellViewController.swift; sourceTree = "<group>"; };
		403502D526CBE46C004BD348 /* FontPickerViewController.swift */ = {isa = PBXFileReference; lastKnownFileType = sourcecode.swift; path = FontPickerViewController.swift; sourceTree = "<group>"; };
		403502D826CBF490004BD348 /* CustomTabBarController.swift */ = {isa = PBXFileReference; lastKnownFileType = sourcecode.swift; path = CustomTabBarController.swift; sourceTree = "<group>"; };
		403502DA26CBF546004BD348 /* CustomTabBar.swift */ = {isa = PBXFileReference; lastKnownFileType = sourcecode.swift; path = CustomTabBar.swift; sourceTree = "<group>"; };
		719BFC8F81408045F597C854 /* Pods-ios100ToyExample.debug.xcconfig */ = {isa = PBXFileReference; includeInIndex = 1; lastKnownFileType = text.xcconfig; name = "Pods-ios100ToyExample.debug.xcconfig"; path = "Target Support Files/Pods-ios100ToyExample/Pods-ios100ToyExample.debug.xcconfig"; sourceTree = "<group>"; };
		8F57BC7F205787BA7AF735B3 /* Pods-ios100ToyExample.release.xcconfig */ = {isa = PBXFileReference; includeInIndex = 1; lastKnownFileType = text.xcconfig; name = "Pods-ios100ToyExample.release.xcconfig"; path = "Target Support Files/Pods-ios100ToyExample/Pods-ios100ToyExample.release.xcconfig"; sourceTree = "<group>"; };
/* End PBXFileReference section */

/* Begin PBXFrameworksBuildPhase section */
		4035029926CB4B4B004BD348 /* Frameworks */ = {
			isa = PBXFrameworksBuildPhase;
			buildActionMask = 2147483647;
			files = (
				E9A3D8F98CDB652CA81284FC /* Pods_ios100ToyExample.framework in Frameworks */,
			);
			runOnlyForDeploymentPostprocessing = 0;
		};
/* End PBXFrameworksBuildPhase section */

/* Begin PBXGroup section */
		4035029326CB4B4B004BD348 = {
			isa = PBXGroup;
			children = (
				4035029E26CB4B4B004BD348 /* ios100ToyExample */,
				4035029D26CB4B4B004BD348 /* Products */,
				51517D4ABB6E83B5401D9EDD /* Pods */,
				E39F52899B6D08D6F488726E /* Frameworks */,
			);
			sourceTree = "<group>";
		};
		4035029D26CB4B4B004BD348 /* Products */ = {
			isa = PBXGroup;
			children = (
				4035029C26CB4B4B004BD348 /* ios100ToyExample.app */,
			);
			name = Products;
			sourceTree = "<group>";
		};
		4035029E26CB4B4B004BD348 /* ios100ToyExample */ = {
			isa = PBXGroup;
			children = (
				403502A326CB4B4B004BD348 /* ExampleListViewController.swift */,
				403502A526CB4B4B004BD348 /* Main.storyboard */,
				403502B326CB4D0C004BD348 /* AnimatedTabBar */,
				403502B626CB5E7A004BD348 /* Gradients */,
				403502BB26CB61BA004BD348 /* DateFormmater */,
				403502CC26CBBD12004BD348 /* CheakList */,
				403502C026CB8444004BD348 /* Alarm */,
				403502D126CBCD75004BD348 /* ColorWell */,
				403502D426CBE3EE004BD348 /* FontPicker */,
				403502D726CBF447004BD348 /* CustomTabBar */,
				4035029F26CB4B4B004BD348 /* AppDelegate.swift */,
				403502A126CB4B4B004BD348 /* SceneDelegate.swift */,
				403502A826CB4B4D004BD348 /* Assets.xcassets */,
				403502AA26CB4B4D004BD348 /* LaunchScreen.storyboard */,
				403502AD26CB4B4D004BD348 /* Info.plist */,
			);
			path = ios100ToyExample;
			sourceTree = "<group>";
		};
		403502B326CB4D0C004BD348 /* AnimatedTabBar */ = {
			isa = PBXGroup;
			children = (
				403502B426CB4FB0004BD348 /* AnimatedCustomTabBarController.swift */,
			);
			path = AnimatedTabBar;
			sourceTree = "<group>";
		};
		403502B626CB5E7A004BD348 /* Gradients */ = {
			isa = PBXGroup;
			children = (
				403502B926CB5EF3004BD348 /* GradientViewController.swift */,
			);
			path = Gradients;
			sourceTree = "<group>";
		};
		403502BB26CB61BA004BD348 /* DateFormmater */ = {
			isa = PBXGroup;
			children = (
				403502BC26CB61F2004BD348 /* DateFormatterViewController.swift */,
			);
			path = DateFormmater;
			sourceTree = "<group>";
		};
		403502C026CB8444004BD348 /* Alarm */ = {
			isa = PBXGroup;
			children = (
				403502C126CB847F004BD348 /* AlarmModel.swift */,
				403502C726CB88EA004BD348 /* AddAlarmViewController.swift */,
				403502C326CB84F0004BD348 /* AlarmViewController.swift */,
			);
			path = Alarm;
			sourceTree = "<group>";
		};
		403502CC26CBBD12004BD348 /* CheakList */ = {
			isa = PBXGroup;
			children = (
				403502CD26CBBD6B004BD348 /* CheckViewController.swift */,
				403502CF26CBBD9D004BD348 /* CheckModel.swift */,
			);
			path = CheakList;
			sourceTree = "<group>";
		};
		403502D126CBCD75004BD348 /* ColorWell */ = {
			isa = PBXGroup;
			children = (
				403502D226CBCDC0004BD348 /* ColorWellViewController.swift */,
			);
			path = ColorWell;
			sourceTree = "<group>";
		};
		403502D426CBE3EE004BD348 /* FontPicker */ = {
			isa = PBXGroup;
			children = (
				403502D526CBE46C004BD348 /* FontPickerViewController.swift */,
			);
			path = FontPicker;
			sourceTree = "<group>";
		};
		403502D726CBF447004BD348 /* CustomTabBar */ = {
			isa = PBXGroup;
			children = (
				403502D826CBF490004BD348 /* CustomTabBarController.swift */,
				403502DA26CBF546004BD348 /* CustomTabBar.swift */,
			);
			path = CustomTabBar;
			sourceTree = "<group>";
		};
		51517D4ABB6E83B5401D9EDD /* Pods */ = {
			isa = PBXGroup;
			children = (
				719BFC8F81408045F597C854 /* Pods-ios100ToyExample.debug.xcconfig */,
				8F57BC7F205787BA7AF735B3 /* Pods-ios100ToyExample.release.xcconfig */,
			);
			path = Pods;
			sourceTree = "<group>";
		};
		E39F52899B6D08D6F488726E /* Frameworks */ = {
			isa = PBXGroup;
			children = (
				10AF8711D20BB765BDA94AB6 /* Pods_ios100ToyExample.framework */,
			);
			name = Frameworks;
			sourceTree = "<group>";
		};
/* End PBXGroup section */

/* Begin PBXNativeTarget section */
		4035029B26CB4B4B004BD348 /* ios100ToyExample */ = {
			isa = PBXNativeTarget;
			buildConfigurationList = 403502B026CB4B4D004BD348 /* Build configuration list for PBXNativeTarget "ios100ToyExample" */;
			buildPhases = (
				C654C262D138D344075D2EDC /* [CP] Check Pods Manifest.lock */,
				4035029826CB4B4B004BD348 /* Sources */,
				4035029926CB4B4B004BD348 /* Frameworks */,
				4035029A26CB4B4B004BD348 /* Resources */,
				73E7BFC9996BE057D52078AC /* [CP] Embed Pods Frameworks */,
			);
			buildRules = (
			);
			dependencies = (
			);
			name = ios100ToyExample;
			productName = ios100ToyExample;
			productReference = 4035029C26CB4B4B004BD348 /* ios100ToyExample.app */;
			productType = "com.apple.product-type.application";
		};
/* End PBXNativeTarget section */

/* Begin PBXProject section */
		4035029426CB4B4B004BD348 /* Project object */ = {
			isa = PBXProject;
			attributes = {
				LastSwiftUpdateCheck = 1250;
				LastUpgradeCheck = 1250;
				TargetAttributes = {
					4035029B26CB4B4B004BD348 = {
						CreatedOnToolsVersion = 12.5.1;
					};
				};
			};
			buildConfigurationList = 4035029726CB4B4B004BD348 /* Build configuration list for PBXProject "ios100ToyExample" */;
			compatibilityVersion = "Xcode 9.3";
			developmentRegion = en;
			hasScannedForEncodings = 0;
			knownRegions = (
				en,
				Base,
			);
			mainGroup = 4035029326CB4B4B004BD348;
			productRefGroup = 4035029D26CB4B4B004BD348 /* Products */;
			projectDirPath = "";
			projectRoot = "";
			targets = (
				4035029B26CB4B4B004BD348 /* ios100ToyExample */,
			);
		};
/* End PBXProject section */

/* Begin PBXResourcesBuildPhase section */
		4035029A26CB4B4B004BD348 /* Resources */ = {
			isa = PBXResourcesBuildPhase;
			buildActionMask = 2147483647;
			files = (
				403502AC26CB4B4D004BD348 /* LaunchScreen.storyboard in Resources */,
				403502A926CB4B4D004BD348 /* Assets.xcassets in Resources */,
				403502A726CB4B4B004BD348 /* Main.storyboard in Resources */,
			);
			runOnlyForDeploymentPostprocessing = 0;
		};
/* End PBXResourcesBuildPhase section */

/* Begin PBXShellScriptBuildPhase section */
		73E7BFC9996BE057D52078AC /* [CP] Embed Pods Frameworks */ = {
			isa = PBXShellScriptBuildPhase;
			buildActionMask = 2147483647;
			files = (
			);
			inputFileListPaths = (
				"${PODS_ROOT}/Target Support Files/Pods-ios100ToyExample/Pods-ios100ToyExample-frameworks-${CONFIGURATION}-input-files.xcfilelist",
			);
			name = "[CP] Embed Pods Frameworks";
			outputFileListPaths = (
				"${PODS_ROOT}/Target Support Files/Pods-ios100ToyExample/Pods-ios100ToyExample-frameworks-${CONFIGURATION}-output-files.xcfilelist",
			);
			runOnlyForDeploymentPostprocessing = 0;
			shellPath = /bin/sh;
			shellScript = "\"${PODS_ROOT}/Target Support Files/Pods-ios100ToyExample/Pods-ios100ToyExample-frameworks.sh\"\n";
			showEnvVarsInLog = 0;
		};
		C654C262D138D344075D2EDC /* [CP] Check Pods Manifest.lock */ = {
			isa = PBXShellScriptBuildPhase;
			buildActionMask = 2147483647;
			files = (
			);
			inputFileListPaths = (
			);
			inputPaths = (
				"${PODS_PODFILE_DIR_PATH}/Podfile.lock",
				"${PODS_ROOT}/Manifest.lock",
			);
			name = "[CP] Check Pods Manifest.lock";
			outputFileListPaths = (
			);
			outputPaths = (
				"$(DERIVED_FILE_DIR)/Pods-ios100ToyExample-checkManifestLockResult.txt",
			);
			runOnlyForDeploymentPostprocessing = 0;
			shellPath = /bin/sh;
			shellScript = "diff \"${PODS_PODFILE_DIR_PATH}/Podfile.lock\" \"${PODS_ROOT}/Manifest.lock\" > /dev/null\nif [ $? != 0 ] ; then\n    # print error to STDERR\n    echo \"error: The sandbox is not in sync with the Podfile.lock. Run 'pod install' or update your CocoaPods installation.\" >&2\n    exit 1\nfi\n# This output is used by Xcode 'outputs' to avoid re-running this script phase.\necho \"SUCCESS\" > \"${SCRIPT_OUTPUT_FILE_0}\"\n";
			showEnvVarsInLog = 0;
		};
/* End PBXShellScriptBuildPhase section */

/* Begin PBXSourcesBuildPhase section */
		4035029826CB4B4B004BD348 /* Sources */ = {
			isa = PBXSourcesBuildPhase;
			buildActionMask = 2147483647;
			files = (
				403502C426CB84F0004BD348 /* AlarmViewController.swift in Sources */,
				403502DB26CBF546004BD348 /* CustomTabBar.swift in Sources */,
				403502A426CB4B4B004BD348 /* ExampleListViewController.swift in Sources */,
				403502A026CB4B4B004BD348 /* AppDelegate.swift in Sources */,
				403502C826CB88EA004BD348 /* AddAlarmViewController.swift in Sources */,
				403502C226CB847F004BD348 /* AlarmModel.swift in Sources */,
				403502BA26CB5EF3004BD348 /* GradientViewController.swift in Sources */,
				403502D326CBCDC0004BD348 /* ColorWellViewController.swift in Sources */,
				403502BD26CB61F2004BD348 /* DateFormatterViewController.swift in Sources */,
				403502D926CBF490004BD348 /* CustomTabBarController.swift in Sources */,
				403502CE26CBBD6B004BD348 /* CheckViewController.swift in Sources */,
				403502D026CBBD9D004BD348 /* CheckModel.swift in Sources */,
				403502D626CBE46C004BD348 /* FontPickerViewController.swift in Sources */,
				403502B526CB4FB0004BD348 /* AnimatedCustomTabBarController.swift in Sources */,
				403502A226CB4B4B004BD348 /* SceneDelegate.swift in Sources */,
			);
			runOnlyForDeploymentPostprocessing = 0;
		};
/* End PBXSourcesBuildPhase section */

/* Begin PBXVariantGroup section */
		403502A526CB4B4B004BD348 /* Main.storyboard */ = {
			isa = PBXVariantGroup;
			children = (
				403502A626CB4B4B004BD348 /* Base */,
			);
			name = Main.storyboard;
			sourceTree = "<group>";
		};
		403502AA26CB4B4D004BD348 /* LaunchScreen.storyboard */ = {
			isa = PBXVariantGroup;
			children = (
				403502AB26CB4B4D004BD348 /* Base */,
			);
			name = LaunchScreen.storyboard;
			sourceTree = "<group>";
		};
/* End PBXVariantGroup section */

/* Begin XCBuildConfiguration section */
		403502AE26CB4B4D004BD348 /* Debug */ = {
			isa = XCBuildConfiguration;
			buildSettings = {
				ALWAYS_SEARCH_USER_PATHS = NO;
				CLANG_ANALYZER_NONNULL = YES;
				CLANG_ANALYZER_NUMBER_OBJECT_CONVERSION = YES_AGGRESSIVE;
				CLANG_CXX_LANGUAGE_STANDARD = "gnu++14";
				CLANG_CXX_LIBRARY = "libc++";
				CLANG_ENABLE_MODULES = YES;
				CLANG_ENABLE_OBJC_ARC = YES;
				CLANG_ENABLE_OBJC_WEAK = YES;
				CLANG_WARN_BLOCK_CAPTURE_AUTORELEASING = YES;
				CLANG_WARN_BOOL_CONVERSION = YES;
				CLANG_WARN_COMMA = YES;
				CLANG_WARN_CONSTANT_CONVERSION = YES;
				CLANG_WARN_DEPRECATED_OBJC_IMPLEMENTATIONS = YES;
				CLANG_WARN_DIRECT_OBJC_ISA_USAGE = YES_ERROR;
				CLANG_WARN_DOCUMENTATION_COMMENTS = YES;
				CLANG_WARN_EMPTY_BODY = YES;
				CLANG_WARN_ENUM_CONVERSION = YES;
				CLANG_WARN_INFINITE_RECURSION = YES;
				CLANG_WARN_INT_CONVERSION = YES;
				CLANG_WARN_NON_LITERAL_NULL_CONVERSION = YES;
				CLANG_WARN_OBJC_IMPLICIT_RETAIN_SELF = YES;
				CLANG_WARN_OBJC_LITERAL_CONVERSION = YES;
				CLANG_WARN_OBJC_ROOT_CLASS = YES_ERROR;
				CLANG_WARN_QUOTED_INCLUDE_IN_FRAMEWORK_HEADER = YES;
				CLANG_WARN_RANGE_LOOP_ANALYSIS = YES;
				CLANG_WARN_STRICT_PROTOTYPES = YES;
				CLANG_WARN_SUSPICIOUS_MOVE = YES;
				CLANG_WARN_UNGUARDED_AVAILABILITY = YES_AGGRESSIVE;
				CLANG_WARN_UNREACHABLE_CODE = YES;
				CLANG_WARN__DUPLICATE_METHOD_MATCH = YES;
				COPY_PHASE_STRIP = NO;
				DEBUG_INFORMATION_FORMAT = dwarf;
				ENABLE_STRICT_OBJC_MSGSEND = YES;
				ENABLE_TESTABILITY = YES;
				GCC_C_LANGUAGE_STANDARD = gnu11;
				GCC_DYNAMIC_NO_PIC = NO;
				GCC_NO_COMMON_BLOCKS = YES;
				GCC_OPTIMIZATION_LEVEL = 0;
				GCC_PREPROCESSOR_DEFINITIONS = (
					"DEBUG=1",
					"$(inherited)",
				);
				GCC_WARN_64_TO_32_BIT_CONVERSION = YES;
				GCC_WARN_ABOUT_RETURN_TYPE = YES_ERROR;
				GCC_WARN_UNDECLARED_SELECTOR = YES;
				GCC_WARN_UNINITIALIZED_AUTOS = YES_AGGRESSIVE;
				GCC_WARN_UNUSED_FUNCTION = YES;
				GCC_WARN_UNUSED_VARIABLE = YES;
				IPHONEOS_DEPLOYMENT_TARGET = 14.5;
				MTL_ENABLE_DEBUG_INFO = INCLUDE_SOURCE;
				MTL_FAST_MATH = YES;
				ONLY_ACTIVE_ARCH = YES;
				SDKROOT = iphoneos;
				SWIFT_ACTIVE_COMPILATION_CONDITIONS = DEBUG;
				SWIFT_OPTIMIZATION_LEVEL = "-Onone";
			};
			name = Debug;
		};
		403502AF26CB4B4D004BD348 /* Release */ = {
			isa = XCBuildConfiguration;
			buildSettings = {
				ALWAYS_SEARCH_USER_PATHS = NO;
				CLANG_ANALYZER_NONNULL = YES;
				CLANG_ANALYZER_NUMBER_OBJECT_CONVERSION = YES_AGGRESSIVE;
				CLANG_CXX_LANGUAGE_STANDARD = "gnu++14";
				CLANG_CXX_LIBRARY = "libc++";
				CLANG_ENABLE_MODULES = YES;
				CLANG_ENABLE_OBJC_ARC = YES;
				CLANG_ENABLE_OBJC_WEAK = YES;
				CLANG_WARN_BLOCK_CAPTURE_AUTORELEASING = YES;
				CLANG_WARN_BOOL_CONVERSION = YES;
				CLANG_WARN_COMMA = YES;
				CLANG_WARN_CONSTANT_CONVERSION = YES;
				CLANG_WARN_DEPRECATED_OBJC_IMPLEMENTATIONS = YES;
				CLANG_WARN_DIRECT_OBJC_ISA_USAGE = YES_ERROR;
				CLANG_WARN_DOCUMENTATION_COMMENTS = YES;
				CLANG_WARN_EMPTY_BODY = YES;
				CLANG_WARN_ENUM_CONVERSION = YES;
				CLANG_WARN_INFINITE_RECURSION = YES;
				CLANG_WARN_INT_CONVERSION = YES;
				CLANG_WARN_NON_LITERAL_NULL_CONVERSION = YES;
				CLANG_WARN_OBJC_IMPLICIT_RETAIN_SELF = YES;
				CLANG_WARN_OBJC_LITERAL_CONVERSION = YES;
				CLANG_WARN_OBJC_ROOT_CLASS = YES_ERROR;
				CLANG_WARN_QUOTED_INCLUDE_IN_FRAMEWORK_HEADER = YES;
				CLANG_WARN_RANGE_LOOP_ANALYSIS = YES;
				CLANG_WARN_STRICT_PROTOTYPES = YES;
				CLANG_WARN_SUSPICIOUS_MOVE = YES;
				CLANG_WARN_UNGUARDED_AVAILABILITY = YES_AGGRESSIVE;
				CLANG_WARN_UNREACHABLE_CODE = YES;
				CLANG_WARN__DUPLICATE_METHOD_MATCH = YES;
				COPY_PHASE_STRIP = NO;
				DEBUG_INFORMATION_FORMAT = "dwarf-with-dsym";
				ENABLE_NS_ASSERTIONS = NO;
				ENABLE_STRICT_OBJC_MSGSEND = YES;
				GCC_C_LANGUAGE_STANDARD = gnu11;
				GCC_NO_COMMON_BLOCKS = YES;
				GCC_WARN_64_TO_32_BIT_CONVERSION = YES;
				GCC_WARN_ABOUT_RETURN_TYPE = YES_ERROR;
				GCC_WARN_UNDECLARED_SELECTOR = YES;
				GCC_WARN_UNINITIALIZED_AUTOS = YES_AGGRESSIVE;
				GCC_WARN_UNUSED_FUNCTION = YES;
				GCC_WARN_UNUSED_VARIABLE = YES;
				IPHONEOS_DEPLOYMENT_TARGET = 14.5;
				MTL_ENABLE_DEBUG_INFO = NO;
				MTL_FAST_MATH = YES;
				SDKROOT = iphoneos;
				SWIFT_COMPILATION_MODE = wholemodule;
				SWIFT_OPTIMIZATION_LEVEL = "-O";
				VALIDATE_PRODUCT = YES;
			};
			name = Release;
		};
		403502B126CB4B4D004BD348 /* Debug */ = {
			isa = XCBuildConfiguration;
			baseConfigurationReference = 719BFC8F81408045F597C854 /* Pods-ios100ToyExample.debug.xcconfig */;
			buildSettings = {
				ASSETCATALOG_COMPILER_APPICON_NAME = AppIcon;
				ASSETCATALOG_COMPILER_GLOBAL_ACCENT_COLOR_NAME = AccentColor;
				CODE_SIGN_STYLE = Automatic;
				DEVELOPMENT_TEAM = L765CYF8SR;
				INFOPLIST_FILE = ios100ToyExample/Info.plist;
				LD_RUNPATH_SEARCH_PATHS = (
					"$(inherited)",
					"@executable_path/Frameworks",
				);
				PRODUCT_BUNDLE_IDENTIFIER = com.jihun.ios100ToyExample;
				PRODUCT_NAME = "$(TARGET_NAME)";
				SWIFT_VERSION = 5.0;
				TARGETED_DEVICE_FAMILY = "1,2";
			};
			name = Debug;
		};
		403502B226CB4B4D004BD348 /* Release */ = {
			isa = XCBuildConfiguration;
			baseConfigurationReference = 8F57BC7F205787BA7AF735B3 /* Pods-ios100ToyExample.release.xcconfig */;
			buildSettings = {
				ASSETCATALOG_COMPILER_APPICON_NAME = AppIcon;
				ASSETCATALOG_COMPILER_GLOBAL_ACCENT_COLOR_NAME = AccentColor;
				CODE_SIGN_STYLE = Automatic;
				DEVELOPMENT_TEAM = L765CYF8SR;
				INFOPLIST_FILE = ios100ToyExample/Info.plist;
				LD_RUNPATH_SEARCH_PATHS = (
					"$(inherited)",
					"@executable_path/Frameworks",
				);
				PRODUCT_BUNDLE_IDENTIFIER = com.jihun.ios100ToyExample;
				PRODUCT_NAME = "$(TARGET_NAME)";
				SWIFT_VERSION = 5.0;
				TARGETED_DEVICE_FAMILY = "1,2";
			};
			name = Release;
		};
/* End XCBuildConfiguration section */

/* Begin XCConfigurationList section */
		4035029726CB4B4B004BD348 /* Build configuration list for PBXProject "ios100ToyExample" */ = {
			isa = XCConfigurationList;
			buildConfigurations = (
				403502AE26CB4B4D004BD348 /* Debug */,
				403502AF26CB4B4D004BD348 /* Release */,
			);
			defaultConfigurationIsVisible = 0;
			defaultConfigurationName = Release;
		};
		403502B026CB4B4D004BD348 /* Build configuration list for PBXNativeTarget "ios100ToyExample" */ = {
			isa = XCConfigurationList;
			buildConfigurations = (
				403502B126CB4B4D004BD348 /* Debug */,
				403502B226CB4B4D004BD348 /* Release */,
			);
			defaultConfigurationIsVisible = 0;
			defaultConfigurationName = Release;
		};
/* End XCConfigurationList section */
	};
	rootObject = 4035029426CB4B4B004BD348 /* Project object */;
}
