// !$*UTF8*$!
{
	archiveVersion = 1;
	classes = {
	};
	objectVersion = 51;
	objects = {

/* Begin PBXBuildFile section */
		4004B1E526DD209F005CC3EB /* EditProfileViewController.swift in Sources */ = {isa = PBXBuildFile; fileRef = 4004B1E426DD209F005CC3EB /* EditProfileViewController.swift */; };
		4004B1E826DD237A005CC3EB /* EditProfileTableViewCell.swift in Sources */ = {isa = PBXBuildFile; fileRef = 4004B1E726DD237A005CC3EB /* EditProfileTableViewCell.swift */; };
		4014B97926E24C3800ADFEC8 /* ConversationTableViewCell.swift in Sources */ = {isa = PBXBuildFile; fileRef = 4014B97826E24C3800ADFEC8 /* ConversationTableViewCell.swift */; };
		4014B97B26E779B400ADFEC8 /* PhotoViewerViewController.swift in Sources */ = {isa = PBXBuildFile; fileRef = 4014B97A26E779B400ADFEC8 /* PhotoViewerViewController.swift */; };
		4014B97D26E7A69900ADFEC8 /* NewConversationCell.swift in Sources */ = {isa = PBXBuildFile; fileRef = 4014B97C26E7A69900ADFEC8 /* NewConversationCell.swift */; };
		40180B2A26EA25A400E64A9C /* ConversationModel.swift in Sources */ = {isa = PBXBuildFile; fileRef = 40180B2926EA25A400E64A9C /* ConversationModel.swift */; };
		40180B2C26EA25ED00E64A9C /* ChatModel.swift in Sources */ = {isa = PBXBuildFile; fileRef = 40180B2B26EA25ED00E64A9C /* ChatModel.swift */; };
		40180B2E26EA265500E64A9C /* SerchResult.swift in Sources */ = {isa = PBXBuildFile; fileRef = 40180B2D26EA265500E64A9C /* SerchResult.swift */; };
		40180B3126EA767E00E64A9C /* ExampleViewController.swift in Sources */ = {isa = PBXBuildFile; fileRef = 40180B3026EA767E00E64A9C /* ExampleViewController.swift */; };
		40180B3326EA785200E64A9C /* ExampleTableViewCell.swift in Sources */ = {isa = PBXBuildFile; fileRef = 40180B3226EA785200E64A9C /* ExampleTableViewCell.swift */; };
		40180B3526EA7B4600E64A9C /* ExampleCollectionViewCell.swift in Sources */ = {isa = PBXBuildFile; fileRef = 40180B3426EA7B4600E64A9C /* ExampleCollectionViewCell.swift */; };
		40180B3726EA81EF00E64A9C /* ExampleViewModel.swift in Sources */ = {isa = PBXBuildFile; fileRef = 40180B3626EA81EF00E64A9C /* ExampleViewModel.swift */; };
		403502A026CB4B4B004BD348 /* AppDelegate.swift in Sources */ = {isa = PBXBuildFile; fileRef = 4035029F26CB4B4B004BD348 /* AppDelegate.swift */; };
		403502A226CB4B4B004BD348 /* SceneDelegate.swift in Sources */ = {isa = PBXBuildFile; fileRef = 403502A126CB4B4B004BD348 /* SceneDelegate.swift */; };
		403502A726CB4B4B004BD348 /* Main.storyboard in Resources */ = {isa = PBXBuildFile; fileRef = 403502A526CB4B4B004BD348 /* Main.storyboard */; };
		403502A926CB4B4D004BD348 /* Assets.xcassets in Resources */ = {isa = PBXBuildFile; fileRef = 403502A826CB4B4D004BD348 /* Assets.xcassets */; };
		403502AC26CB4B4D004BD348 /* LaunchScreen.storyboard in Resources */ = {isa = PBXBuildFile; fileRef = 403502AA26CB4B4D004BD348 /* LaunchScreen.storyboard */; };
		403502B526CB4FB0004BD348 /* AnimatedCustomTabBarController.swift in Sources */ = {isa = PBXBuildFile; fileRef = 403502B426CB4FB0004BD348 /* AnimatedCustomTabBarController.swift */; };
		403502BA26CB5EF3004BD348 /* GradientViewController.swift in Sources */ = {isa = PBXBuildFile; fileRef = 403502B926CB5EF3004BD348 /* GradientViewController.swift */; };
		403502BD26CB61F2004BD348 /* DateFormatterViewController.swift in Sources */ = {isa = PBXBuildFile; fileRef = 403502BC26CB61F2004BD348 /* DateFormatterViewController.swift */; };
		403502C226CB847F004BD348 /* AlarmModel.swift in Sources */ = {isa = PBXBuildFile; fileRef = 403502C126CB847F004BD348 /* AlarmModel.swift */; };
		403502C426CB84F0004BD348 /* AlarmViewController.swift in Sources */ = {isa = PBXBuildFile; fileRef = 403502C326CB84F0004BD348 /* AlarmViewController.swift */; };
		403502C826CB88EA004BD348 /* AddAlarmViewController.swift in Sources */ = {isa = PBXBuildFile; fileRef = 403502C726CB88EA004BD348 /* AddAlarmViewController.swift */; };
		403502CE26CBBD6B004BD348 /* CheckViewController.swift in Sources */ = {isa = PBXBuildFile; fileRef = 403502CD26CBBD6B004BD348 /* CheckViewController.swift */; };
		403502D026CBBD9D004BD348 /* CheckModel.swift in Sources */ = {isa = PBXBuildFile; fileRef = 403502CF26CBBD9D004BD348 /* CheckModel.swift */; };
		403502D326CBCDC0004BD348 /* ColorWellViewController.swift in Sources */ = {isa = PBXBuildFile; fileRef = 403502D226CBCDC0004BD348 /* ColorWellViewController.swift */; };
		403502D626CBE46C004BD348 /* FontPickerViewController.swift in Sources */ = {isa = PBXBuildFile; fileRef = 403502D526CBE46C004BD348 /* FontPickerViewController.swift */; };
		403502D926CBF490004BD348 /* CustomTabBarController.swift in Sources */ = {isa = PBXBuildFile; fileRef = 403502D826CBF490004BD348 /* CustomTabBarController.swift */; };
		403502DB26CBF546004BD348 /* CustomTabBar.swift in Sources */ = {isa = PBXBuildFile; fileRef = 403502DA26CBF546004BD348 /* CustomTabBar.swift */; };
		403502E026CC8638004BD348 /* Intro to Swift.pdf in Resources */ = {isa = PBXBuildFile; fileRef = 403502DF26CC8637004BD348 /* Intro to Swift.pdf */; };
		403502E226CC869A004BD348 /* PDFkitViewController.swift in Sources */ = {isa = PBXBuildFile; fileRef = 403502E126CC8699004BD348 /* PDFkitViewController.swift */; };
		403502E526CCA016004BD348 /* SpinnerViewController.swift in Sources */ = {isa = PBXBuildFile; fileRef = 403502E426CCA016004BD348 /* SpinnerViewController.swift */; };
		403502E826CCAC76004BD348 /* WebViewController.swift in Sources */ = {isa = PBXBuildFile; fileRef = 403502E726CCAC76004BD348 /* WebViewController.swift */; };
		403502EB26CCD098004BD348 /* CarouselViewController.swift in Sources */ = {isa = PBXBuildFile; fileRef = 403502EA26CCD098004BD348 /* CarouselViewController.swift */; };
		403502ED26CCD39A004BD348 /* CollectionTableViewCell.swift in Sources */ = {isa = PBXBuildFile; fileRef = 403502EC26CCD39A004BD348 /* CollectionTableViewCell.swift */; };
		403502EF26CCDDEC004BD348 /* TileCollectionViewCell.swift in Sources */ = {isa = PBXBuildFile; fileRef = 403502EE26CCDDEC004BD348 /* TileCollectionViewCell.swift */; };
		403502F126CCE22B004BD348 /* CarouselModel.swift in Sources */ = {isa = PBXBuildFile; fileRef = 403502F026CCE22B004BD348 /* CarouselModel.swift */; };
		405AD93826DE0CB90079734A /* EditTextViewTableViewCell.swift in Sources */ = {isa = PBXBuildFile; fileRef = 405AD93726DE0CB90079734A /* EditTextViewTableViewCell.swift */; };
		405AD93B26DE542A0079734A /* ConversationsViewController.swift in Sources */ = {isa = PBXBuildFile; fileRef = 405AD93A26DE542A0079734A /* ConversationsViewController.swift */; };
		405AD93E26DE68C80079734A /* HomeViewController.swift in Sources */ = {isa = PBXBuildFile; fileRef = 405AD93D26DE68C80079734A /* HomeViewController.swift */; };
		406FE6B326DC00FD0036DE44 /* Model.swift in Sources */ = {isa = PBXBuildFile; fileRef = 406FE6B226DC00FD0036DE44 /* Model.swift */; };
		406FE6B526DCD15C0036DE44 /* ProfileInfoHeaderTableHeaderView.swift in Sources */ = {isa = PBXBuildFile; fileRef = 406FE6B426DCD15C0036DE44 /* ProfileInfoHeaderTableHeaderView.swift */; };
		4078640526CE02A900C864FD /* NewsViewController.swift in Sources */ = {isa = PBXBuildFile; fileRef = 4078640426CE02A900C864FD /* NewsViewController.swift */; };
		4078640726CE06A200C864FD /* FrameExtensions.swift in Sources */ = {isa = PBXBuildFile; fileRef = 4078640626CE06A200C864FD /* FrameExtensions.swift */; };
		4078640A26CE122100C864FD /* MemoListTableViewController.swift in Sources */ = {isa = PBXBuildFile; fileRef = 4078640926CE122100C864FD /* MemoListTableViewController.swift */; };
		4078640C26CE125100C864FD /* ComposeViewController.swift in Sources */ = {isa = PBXBuildFile; fileRef = 4078640B26CE125100C864FD /* ComposeViewController.swift */; };
		4078640E26CE127D00C864FD /* UIViewController+Alert.swift in Sources */ = {isa = PBXBuildFile; fileRef = 4078640D26CE127D00C864FD /* UIViewController+Alert.swift */; };
		4078641026CE129D00C864FD /* DetailViewController.swift in Sources */ = {isa = PBXBuildFile; fileRef = 4078640F26CE129D00C864FD /* DetailViewController.swift */; };
		4078641226CE12D200C864FD /* DataManager.swift in Sources */ = {isa = PBXBuildFile; fileRef = 4078641126CE12D200C864FD /* DataManager.swift */; };
		407A1F3A26CE195A0058F84D /* ios100ToyExample.xcdatamodeld in Sources */ = {isa = PBXBuildFile; fileRef = 407A1F3826CE195A0058F84D /* ios100ToyExample.xcdatamodeld */; };
		407A1F4126CE35040058F84D /* TextFieldAlertViewController.swift in Sources */ = {isa = PBXBuildFile; fileRef = 407A1F4026CE35040058F84D /* TextFieldAlertViewController.swift */; };
		407A1F4326CE5AAD0058F84D /* APICaller.swift in Sources */ = {isa = PBXBuildFile; fileRef = 407A1F4226CE5AAD0058F84D /* APICaller.swift */; };
		407A1F4526CE6D170058F84D /* NewsTableViewCell.swift in Sources */ = {isa = PBXBuildFile; fileRef = 407A1F4426CE6D170058F84D /* NewsTableViewCell.swift */; };
		407A1F4726CE6EE80058F84D /* NewsModel.swift in Sources */ = {isa = PBXBuildFile; fileRef = 407A1F4626CE6EE80058F84D /* NewsModel.swift */; };
		407A1F4A26CF38F10058F84D /* SectionViewController.swift in Sources */ = {isa = PBXBuildFile; fileRef = 407A1F4926CF38F10058F84D /* SectionViewController.swift */; };
		407A1F4C26CF411F0058F84D /* SectionITableViewHeader&FooterView.swift in Sources */ = {isa = PBXBuildFile; fileRef = 407A1F4B26CF411F0058F84D /* SectionITableViewHeader&FooterView.swift */; };
		407A1F4F26CF6AE60058F84D /* TableViewController.swift in Sources */ = {isa = PBXBuildFile; fileRef = 407A1F4E26CF6AE60058F84D /* TableViewController.swift */; };
		407A1F5226CF729C0058F84D /* KeyboardToolBarViewController.swift in Sources */ = {isa = PBXBuildFile; fileRef = 407A1F5126CF729C0058F84D /* KeyboardToolBarViewController.swift */; };
		407A1F5526CF7D440058F84D /* CollectionViewController.swift in Sources */ = {isa = PBXBuildFile; fileRef = 407A1F5426CF7D440058F84D /* CollectionViewController.swift */; };
		407A1F5726CF8C640058F84D /* PhotoCollectionViewCell.swift in Sources */ = {isa = PBXBuildFile; fileRef = 407A1F5626CF8C640058F84D /* PhotoCollectionViewCell.swift */; };
		407A1F5A26CF9D280058F84D /* BarViewController.swift in Sources */ = {isa = PBXBuildFile; fileRef = 407A1F5926CF9D280058F84D /* BarViewController.swift */; };
		407A1F5C26CF9D6C0058F84D /* LineViewController.swift in Sources */ = {isa = PBXBuildFile; fileRef = 407A1F5B26CF9D6C0058F84D /* LineViewController.swift */; };
		407A1F5E26CF9D880058F84D /* PieViewController.swift in Sources */ = {isa = PBXBuildFile; fileRef = 407A1F5D26CF9D880058F84D /* PieViewController.swift */; };
		407A1F6126CFB36B0058F84D /* CoreAnimationViewController.swift in Sources */ = {isa = PBXBuildFile; fileRef = 407A1F6026CFB36B0058F84D /* CoreAnimationViewController.swift */; };
		407A1F6326CFC9630058F84D /* TheAnimaionViewController.swift in Sources */ = {isa = PBXBuildFile; fileRef = 407A1F6226CFC9630058F84D /* TheAnimaionViewController.swift */; };
		407A1F6626CFCCB90058F84D /* AudioViewController.swift in Sources */ = {isa = PBXBuildFile; fileRef = 407A1F6526CFCCB90058F84D /* AudioViewController.swift */; };
		407A1F6826CFCCD00058F84D /* 키보드.mp3 in Resources */ = {isa = PBXBuildFile; fileRef = 407A1F6726CFCCD00058F84D /* 키보드.mp3 */; };
		407A1F6E26CFD7CC0058F84D /* TimerViewController.swift in Sources */ = {isa = PBXBuildFile; fileRef = 407A1F6D26CFD7CC0058F84D /* TimerViewController.swift */; };
		407A1F7126D0A21E0058F84D /* CameraViewController.swift in Sources */ = {isa = PBXBuildFile; fileRef = 407A1F7026D0A21E0058F84D /* CameraViewController.swift */; };
		407A1F7426D0AAE90058F84D /* YPImageViewController.swift in Sources */ = {isa = PBXBuildFile; fileRef = 407A1F7326D0AAE90058F84D /* YPImageViewController.swift */; };
		407A1F7726D0C44C0058F84D /* AutoLayoutViewController.swift in Sources */ = {isa = PBXBuildFile; fileRef = 407A1F7626D0C44C0058F84D /* AutoLayoutViewController.swift */; };
		407A1F7A26D0DE220058F84D /* StackViewController.swift in Sources */ = {isa = PBXBuildFile; fileRef = 407A1F7926D0DE220058F84D /* StackViewController.swift */; };
		407A1F7D26D24F520058F84D /* SnapkitViewController.swift in Sources */ = {isa = PBXBuildFile; fileRef = 407A1F7C26D24F520058F84D /* SnapkitViewController.swift */; };
		407A1F8026D293140058F84D /* UsingTimerViewController.swift in Sources */ = {isa = PBXBuildFile; fileRef = 407A1F7F26D293140058F84D /* UsingTimerViewController.swift */; };
		407A1F8326D375B40058F84D /* StretchyViewController.swift in Sources */ = {isa = PBXBuildFile; fileRef = 407A1F8226D375B40058F84D /* StretchyViewController.swift */; };
		407A1F8526D3799F0058F84D /* StretchyHeader.swift in Sources */ = {isa = PBXBuildFile; fileRef = 407A1F8426D3799F0058F84D /* StretchyHeader.swift */; };
		407A1F8B26D3A87C0058F84D /* CustomCellsViewController.swift in Sources */ = {isa = PBXBuildFile; fileRef = 407A1F8A26D3A87C0058F84D /* CustomCellsViewController.swift */; };
		407A1F8D26D3AB5F0058F84D /* CustomTableViewCell.swift in Sources */ = {isa = PBXBuildFile; fileRef = 407A1F8C26D3AB5F0058F84D /* CustomTableViewCell.swift */; };
		407A1F9226D3BC860058F84D /* PageControlViewController.swift in Sources */ = {isa = PBXBuildFile; fileRef = 407A1F9126D3BC860058F84D /* PageControlViewController.swift */; };
		407A1FE626D4C82B0058F84D /* LoginViewController.swift in Sources */ = {isa = PBXBuildFile; fileRef = 407A1FE526D4C82B0058F84D /* LoginViewController.swift */; };
		407A1FEA26D524580058F84D /* GoogleService-Info.plist in Resources */ = {isa = PBXBuildFile; fileRef = 407A1FE926D524570058F84D /* GoogleService-Info.plist */; };
		407A1FED26D52A650058F84D /* FloatingTextViewController.swift in Sources */ = {isa = PBXBuildFile; fileRef = 407A1FEC26D52A650058F84D /* FloatingTextViewController.swift */; };
		407A1FEF26D55A600058F84D /* RegistrationViewController.swift in Sources */ = {isa = PBXBuildFile; fileRef = 407A1FEE26D55A600058F84D /* RegistrationViewController.swift */; };
		407A1FF126D5680B0058F84D /* AuthManager.swift in Sources */ = {isa = PBXBuildFile; fileRef = 407A1FF026D5680B0058F84D /* AuthManager.swift */; };
		407A1FF326D568220058F84D /* DatabaseManager.swift in Sources */ = {isa = PBXBuildFile; fileRef = 407A1FF226D568220058F84D /* DatabaseManager.swift */; };
		407A1FFD26D66A780058F84D /* SettingViewController.swift in Sources */ = {isa = PBXBuildFile; fileRef = 407A1FFC26D66A780058F84D /* SettingViewController.swift */; };
		407A1FFF26D66A9B0058F84D /* ProfileViewController.swift in Sources */ = {isa = PBXBuildFile; fileRef = 407A1FFE26D66A9B0058F84D /* ProfileViewController.swift */; };
		407A200326D67E460058F84D /* IOSTabBarController.swift in Sources */ = {isa = PBXBuildFile; fileRef = 407A200226D67E460058F84D /* IOSTabBarController.swift */; };
		407A200626D67FB50058F84D /* IOSTabBar.swift in Sources */ = {isa = PBXBuildFile; fileRef = 407A200526D67FB50058F84D /* IOSTabBar.swift */; };
		408D96F726E840C700C87FF9 /* LocationPickerViewController.swift in Sources */ = {isa = PBXBuildFile; fileRef = 408D96F626E840C700C87FF9 /* LocationPickerViewController.swift */; };
		40C2442626DFEE1600374DB2 /* ChatViewController.swift in Sources */ = {isa = PBXBuildFile; fileRef = 40C2442526DFEE1600374DB2 /* ChatViewController.swift */; };
		40C2442826E01BC200374DB2 /* NewConversationViewController.swift in Sources */ = {isa = PBXBuildFile; fileRef = 40C2442726E01BC200374DB2 /* NewConversationViewController.swift */; };
		40C2442A26E0331F00374DB2 /* StorageManager.swift in Sources */ = {isa = PBXBuildFile; fileRef = 40C2442926E0331F00374DB2 /* StorageManager.swift */; };
		40DF551126CD129800FD9FB8 /* AdvancedCollectionTableViewCell.swift in Sources */ = {isa = PBXBuildFile; fileRef = 40DF551026CD129800FD9FB8 /* AdvancedCollectionTableViewCell.swift */; };
		40DF551326CD12C300FD9FB8 /* TableCollectionViewCell.swift in Sources */ = {isa = PBXBuildFile; fileRef = 40DF551226CD12C300FD9FB8 /* TableCollectionViewCell.swift */; };
		40DF551526CD12E600FD9FB8 /* AdvencedModel.swift in Sources */ = {isa = PBXBuildFile; fileRef = 40DF551426CD12E600FD9FB8 /* AdvencedModel.swift */; };
		40DF551726CD130600FD9FB8 /* AdvancedViewController.swift in Sources */ = {isa = PBXBuildFile; fileRef = 40DF551626CD130600FD9FB8 /* AdvancedViewController.swift */; };
		40DF551A26CD13A200FD9FB8 /* video.mp4 in Resources */ = {isa = PBXBuildFile; fileRef = 40DF551926CD13A200FD9FB8 /* video.mp4 */; };
		40DF551E26CD2FB400FD9FB8 /* BarButtonItemViewController.swift in Sources */ = {isa = PBXBuildFile; fileRef = 40DF551D26CD2FB400FD9FB8 /* BarButtonItemViewController.swift */; };
		E9A3D8F98CDB652CA81284FC /* Pods_ios100ToyExample.framework in Frameworks */ = {isa = PBXBuildFile; fileRef = 10AF8711D20BB765BDA94AB6 /* Pods_ios100ToyExample.framework */; };
/* End PBXBuildFile section */

/* Begin PBXFileReference section */
		10AF8711D20BB765BDA94AB6 /* Pods_ios100ToyExample.framework */ = {isa = PBXFileReference; explicitFileType = wrapper.framework; includeInIndex = 0; path = Pods_ios100ToyExample.framework; sourceTree = BUILT_PRODUCTS_DIR; };
		4004B1E426DD209F005CC3EB /* EditProfileViewController.swift */ = {isa = PBXFileReference; lastKnownFileType = sourcecode.swift; path = EditProfileViewController.swift; sourceTree = "<group>"; };
		4004B1E726DD237A005CC3EB /* EditProfileTableViewCell.swift */ = {isa = PBXFileReference; lastKnownFileType = sourcecode.swift; path = EditProfileTableViewCell.swift; sourceTree = "<group>"; };
		4014B97826E24C3800ADFEC8 /* ConversationTableViewCell.swift */ = {isa = PBXFileReference; lastKnownFileType = sourcecode.swift; path = ConversationTableViewCell.swift; sourceTree = "<group>"; };
		4014B97A26E779B400ADFEC8 /* PhotoViewerViewController.swift */ = {isa = PBXFileReference; lastKnownFileType = sourcecode.swift; path = PhotoViewerViewController.swift; sourceTree = "<group>"; };
		4014B97C26E7A69900ADFEC8 /* NewConversationCell.swift */ = {isa = PBXFileReference; lastKnownFileType = sourcecode.swift; path = NewConversationCell.swift; sourceTree = "<group>"; };
		40180B2926EA25A400E64A9C /* ConversationModel.swift */ = {isa = PBXFileReference; lastKnownFileType = sourcecode.swift; path = ConversationModel.swift; sourceTree = "<group>"; };
		40180B2B26EA25ED00E64A9C /* ChatModel.swift */ = {isa = PBXFileReference; lastKnownFileType = sourcecode.swift; path = ChatModel.swift; sourceTree = "<group>"; };
		40180B2D26EA265500E64A9C /* SerchResult.swift */ = {isa = PBXFileReference; lastKnownFileType = sourcecode.swift; path = SerchResult.swift; sourceTree = "<group>"; };
		40180B3026EA767E00E64A9C /* ExampleViewController.swift */ = {isa = PBXFileReference; lastKnownFileType = sourcecode.swift; path = ExampleViewController.swift; sourceTree = "<group>"; };
		40180B3226EA785200E64A9C /* ExampleTableViewCell.swift */ = {isa = PBXFileReference; lastKnownFileType = sourcecode.swift; path = ExampleTableViewCell.swift; sourceTree = "<group>"; };
		40180B3426EA7B4600E64A9C /* ExampleCollectionViewCell.swift */ = {isa = PBXFileReference; lastKnownFileType = sourcecode.swift; path = ExampleCollectionViewCell.swift; sourceTree = "<group>"; };
		40180B3626EA81EF00E64A9C /* ExampleViewModel.swift */ = {isa = PBXFileReference; lastKnownFileType = sourcecode.swift; path = ExampleViewModel.swift; sourceTree = "<group>"; };
		4035029C26CB4B4B004BD348 /* ios100ToyExample.app */ = {isa = PBXFileReference; explicitFileType = wrapper.application; includeInIndex = 0; path = ios100ToyExample.app; sourceTree = BUILT_PRODUCTS_DIR; };
		4035029F26CB4B4B004BD348 /* AppDelegate.swift */ = {isa = PBXFileReference; lastKnownFileType = sourcecode.swift; path = AppDelegate.swift; sourceTree = "<group>"; };
		403502A126CB4B4B004BD348 /* SceneDelegate.swift */ = {isa = PBXFileReference; lastKnownFileType = sourcecode.swift; path = SceneDelegate.swift; sourceTree = "<group>"; };
		403502A626CB4B4B004BD348 /* Base */ = {isa = PBXFileReference; lastKnownFileType = file.storyboard; name = Base; path = Base.lproj/Main.storyboard; sourceTree = "<group>"; };
		403502A826CB4B4D004BD348 /* Assets.xcassets */ = {isa = PBXFileReference; lastKnownFileType = folder.assetcatalog; path = Assets.xcassets; sourceTree = "<group>"; };
		403502AB26CB4B4D004BD348 /* Base */ = {isa = PBXFileReference; lastKnownFileType = file.storyboard; name = Base; path = Base.lproj/LaunchScreen.storyboard; sourceTree = "<group>"; };
		403502AD26CB4B4D004BD348 /* Info.plist */ = {isa = PBXFileReference; lastKnownFileType = text.plist.xml; path = Info.plist; sourceTree = "<group>"; };
		403502B426CB4FB0004BD348 /* AnimatedCustomTabBarController.swift */ = {isa = PBXFileReference; lastKnownFileType = sourcecode.swift; path = AnimatedCustomTabBarController.swift; sourceTree = "<group>"; };
		403502B926CB5EF3004BD348 /* GradientViewController.swift */ = {isa = PBXFileReference; lastKnownFileType = sourcecode.swift; path = GradientViewController.swift; sourceTree = "<group>"; };
		403502BC26CB61F2004BD348 /* DateFormatterViewController.swift */ = {isa = PBXFileReference; lastKnownFileType = sourcecode.swift; path = DateFormatterViewController.swift; sourceTree = "<group>"; };
		403502C126CB847F004BD348 /* AlarmModel.swift */ = {isa = PBXFileReference; lastKnownFileType = sourcecode.swift; path = AlarmModel.swift; sourceTree = "<group>"; };
		403502C326CB84F0004BD348 /* AlarmViewController.swift */ = {isa = PBXFileReference; lastKnownFileType = sourcecode.swift; path = AlarmViewController.swift; sourceTree = "<group>"; };
		403502C726CB88EA004BD348 /* AddAlarmViewController.swift */ = {isa = PBXFileReference; lastKnownFileType = sourcecode.swift; path = AddAlarmViewController.swift; sourceTree = "<group>"; };
		403502CD26CBBD6B004BD348 /* CheckViewController.swift */ = {isa = PBXFileReference; lastKnownFileType = sourcecode.swift; path = CheckViewController.swift; sourceTree = "<group>"; };
		403502CF26CBBD9D004BD348 /* CheckModel.swift */ = {isa = PBXFileReference; lastKnownFileType = sourcecode.swift; path = CheckModel.swift; sourceTree = "<group>"; };
		403502D226CBCDC0004BD348 /* ColorWellViewController.swift */ = {isa = PBXFileReference; lastKnownFileType = sourcecode.swift; path = ColorWellViewController.swift; sourceTree = "<group>"; };
		403502D526CBE46C004BD348 /* FontPickerViewController.swift */ = {isa = PBXFileReference; lastKnownFileType = sourcecode.swift; path = FontPickerViewController.swift; sourceTree = "<group>"; };
		403502D826CBF490004BD348 /* CustomTabBarController.swift */ = {isa = PBXFileReference; lastKnownFileType = sourcecode.swift; path = CustomTabBarController.swift; sourceTree = "<group>"; };
		403502DA26CBF546004BD348 /* CustomTabBar.swift */ = {isa = PBXFileReference; lastKnownFileType = sourcecode.swift; path = CustomTabBar.swift; sourceTree = "<group>"; };
		403502DF26CC8637004BD348 /* Intro to Swift.pdf */ = {isa = PBXFileReference; lastKnownFileType = image.pdf; path = "Intro to Swift.pdf"; sourceTree = "<group>"; };
		403502E126CC8699004BD348 /* PDFkitViewController.swift */ = {isa = PBXFileReference; lastKnownFileType = sourcecode.swift; path = PDFkitViewController.swift; sourceTree = "<group>"; };
		403502E426CCA016004BD348 /* SpinnerViewController.swift */ = {isa = PBXFileReference; lastKnownFileType = sourcecode.swift; path = SpinnerViewController.swift; sourceTree = "<group>"; };
		403502E726CCAC76004BD348 /* WebViewController.swift */ = {isa = PBXFileReference; lastKnownFileType = sourcecode.swift; path = WebViewController.swift; sourceTree = "<group>"; };
		403502EA26CCD098004BD348 /* CarouselViewController.swift */ = {isa = PBXFileReference; lastKnownFileType = sourcecode.swift; path = CarouselViewController.swift; sourceTree = "<group>"; };
		403502EC26CCD39A004BD348 /* CollectionTableViewCell.swift */ = {isa = PBXFileReference; lastKnownFileType = sourcecode.swift; path = CollectionTableViewCell.swift; sourceTree = "<group>"; };
		403502EE26CCDDEC004BD348 /* TileCollectionViewCell.swift */ = {isa = PBXFileReference; lastKnownFileType = sourcecode.swift; path = TileCollectionViewCell.swift; sourceTree = "<group>"; };
		403502F026CCE22B004BD348 /* CarouselModel.swift */ = {isa = PBXFileReference; lastKnownFileType = sourcecode.swift; path = CarouselModel.swift; sourceTree = "<group>"; };
		405AD93726DE0CB90079734A /* EditTextViewTableViewCell.swift */ = {isa = PBXFileReference; lastKnownFileType = sourcecode.swift; path = EditTextViewTableViewCell.swift; sourceTree = "<group>"; };
		405AD93A26DE542A0079734A /* ConversationsViewController.swift */ = {isa = PBXFileReference; lastKnownFileType = sourcecode.swift; path = ConversationsViewController.swift; sourceTree = "<group>"; };
		405AD93D26DE68C80079734A /* HomeViewController.swift */ = {isa = PBXFileReference; lastKnownFileType = sourcecode.swift; path = HomeViewController.swift; sourceTree = "<group>"; };
		406FE6B226DC00FD0036DE44 /* Model.swift */ = {isa = PBXFileReference; lastKnownFileType = sourcecode.swift; path = Model.swift; sourceTree = "<group>"; };
		406FE6B426DCD15C0036DE44 /* ProfileInfoHeaderTableHeaderView.swift */ = {isa = PBXFileReference; lastKnownFileType = sourcecode.swift; path = ProfileInfoHeaderTableHeaderView.swift; sourceTree = "<group>"; };
		4078640426CE02A900C864FD /* NewsViewController.swift */ = {isa = PBXFileReference; lastKnownFileType = sourcecode.swift; path = NewsViewController.swift; sourceTree = "<group>"; };
		4078640626CE06A200C864FD /* FrameExtensions.swift */ = {isa = PBXFileReference; lastKnownFileType = sourcecode.swift; path = FrameExtensions.swift; sourceTree = "<group>"; };
		4078640926CE122100C864FD /* MemoListTableViewController.swift */ = {isa = PBXFileReference; lastKnownFileType = sourcecode.swift; path = MemoListTableViewController.swift; sourceTree = "<group>"; };
		4078640B26CE125100C864FD /* ComposeViewController.swift */ = {isa = PBXFileReference; lastKnownFileType = sourcecode.swift; path = ComposeViewController.swift; sourceTree = "<group>"; };
		4078640D26CE127D00C864FD /* UIViewController+Alert.swift */ = {isa = PBXFileReference; lastKnownFileType = sourcecode.swift; path = "UIViewController+Alert.swift"; sourceTree = "<group>"; };
		4078640F26CE129D00C864FD /* DetailViewController.swift */ = {isa = PBXFileReference; lastKnownFileType = sourcecode.swift; path = DetailViewController.swift; sourceTree = "<group>"; };
		4078641126CE12D200C864FD /* DataManager.swift */ = {isa = PBXFileReference; lastKnownFileType = sourcecode.swift; path = DataManager.swift; sourceTree = "<group>"; };
		407A1F3926CE195A0058F84D /* ios100ToyExample.xcdatamodel */ = {isa = PBXFileReference; lastKnownFileType = wrapper.xcdatamodel; path = ios100ToyExample.xcdatamodel; sourceTree = "<group>"; };
		407A1F4026CE35040058F84D /* TextFieldAlertViewController.swift */ = {isa = PBXFileReference; lastKnownFileType = sourcecode.swift; path = TextFieldAlertViewController.swift; sourceTree = "<group>"; };
		407A1F4226CE5AAD0058F84D /* APICaller.swift */ = {isa = PBXFileReference; lastKnownFileType = sourcecode.swift; path = APICaller.swift; sourceTree = "<group>"; };
		407A1F4426CE6D170058F84D /* NewsTableViewCell.swift */ = {isa = PBXFileReference; lastKnownFileType = sourcecode.swift; path = NewsTableViewCell.swift; sourceTree = "<group>"; };
		407A1F4626CE6EE80058F84D /* NewsModel.swift */ = {isa = PBXFileReference; lastKnownFileType = sourcecode.swift; path = NewsModel.swift; sourceTree = "<group>"; };
		407A1F4926CF38F10058F84D /* SectionViewController.swift */ = {isa = PBXFileReference; lastKnownFileType = sourcecode.swift; path = SectionViewController.swift; sourceTree = "<group>"; };
		407A1F4B26CF411F0058F84D /* SectionITableViewHeader&FooterView.swift */ = {isa = PBXFileReference; lastKnownFileType = sourcecode.swift; path = "SectionITableViewHeader&FooterView.swift"; sourceTree = "<group>"; };
		407A1F4E26CF6AE60058F84D /* TableViewController.swift */ = {isa = PBXFileReference; lastKnownFileType = sourcecode.swift; path = TableViewController.swift; sourceTree = "<group>"; };
		407A1F5126CF729C0058F84D /* KeyboardToolBarViewController.swift */ = {isa = PBXFileReference; lastKnownFileType = sourcecode.swift; path = KeyboardToolBarViewController.swift; sourceTree = "<group>"; };
		407A1F5426CF7D440058F84D /* CollectionViewController.swift */ = {isa = PBXFileReference; lastKnownFileType = sourcecode.swift; path = CollectionViewController.swift; sourceTree = "<group>"; };
		407A1F5626CF8C640058F84D /* PhotoCollectionViewCell.swift */ = {isa = PBXFileReference; lastKnownFileType = sourcecode.swift; path = PhotoCollectionViewCell.swift; sourceTree = "<group>"; };
		407A1F5926CF9D280058F84D /* BarViewController.swift */ = {isa = PBXFileReference; lastKnownFileType = sourcecode.swift; path = BarViewController.swift; sourceTree = "<group>"; };
		407A1F5B26CF9D6C0058F84D /* LineViewController.swift */ = {isa = PBXFileReference; lastKnownFileType = sourcecode.swift; path = LineViewController.swift; sourceTree = "<group>"; };
		407A1F5D26CF9D880058F84D /* PieViewController.swift */ = {isa = PBXFileReference; lastKnownFileType = sourcecode.swift; path = PieViewController.swift; sourceTree = "<group>"; };
		407A1F6026CFB36B0058F84D /* CoreAnimationViewController.swift */ = {isa = PBXFileReference; lastKnownFileType = sourcecode.swift; path = CoreAnimationViewController.swift; sourceTree = "<group>"; };
		407A1F6226CFC9630058F84D /* TheAnimaionViewController.swift */ = {isa = PBXFileReference; lastKnownFileType = sourcecode.swift; path = TheAnimaionViewController.swift; sourceTree = "<group>"; };
		407A1F6526CFCCB90058F84D /* AudioViewController.swift */ = {isa = PBXFileReference; lastKnownFileType = sourcecode.swift; path = AudioViewController.swift; sourceTree = "<group>"; };
		407A1F6726CFCCD00058F84D /* 키보드.mp3 */ = {isa = PBXFileReference; lastKnownFileType = audio.mp3; path = "키보드.mp3"; sourceTree = "<group>"; };
		407A1F6D26CFD7CC0058F84D /* TimerViewController.swift */ = {isa = PBXFileReference; lastKnownFileType = sourcecode.swift; path = TimerViewController.swift; sourceTree = "<group>"; };
		407A1F7026D0A21E0058F84D /* CameraViewController.swift */ = {isa = PBXFileReference; lastKnownFileType = sourcecode.swift; path = CameraViewController.swift; sourceTree = "<group>"; };
		407A1F7326D0AAE90058F84D /* YPImageViewController.swift */ = {isa = PBXFileReference; lastKnownFileType = sourcecode.swift; path = YPImageViewController.swift; sourceTree = "<group>"; };
		407A1F7626D0C44C0058F84D /* AutoLayoutViewController.swift */ = {isa = PBXFileReference; lastKnownFileType = sourcecode.swift; path = AutoLayoutViewController.swift; sourceTree = "<group>"; };
		407A1F7926D0DE220058F84D /* StackViewController.swift */ = {isa = PBXFileReference; lastKnownFileType = sourcecode.swift; path = StackViewController.swift; sourceTree = "<group>"; };
		407A1F7C26D24F520058F84D /* SnapkitViewController.swift */ = {isa = PBXFileReference; lastKnownFileType = sourcecode.swift; path = SnapkitViewController.swift; sourceTree = "<group>"; };
		407A1F7F26D293140058F84D /* UsingTimerViewController.swift */ = {isa = PBXFileReference; lastKnownFileType = sourcecode.swift; path = UsingTimerViewController.swift; sourceTree = "<group>"; };
		407A1F8226D375B40058F84D /* StretchyViewController.swift */ = {isa = PBXFileReference; lastKnownFileType = sourcecode.swift; path = StretchyViewController.swift; sourceTree = "<group>"; };
		407A1F8426D3799F0058F84D /* StretchyHeader.swift */ = {isa = PBXFileReference; lastKnownFileType = sourcecode.swift; path = StretchyHeader.swift; sourceTree = "<group>"; };
		407A1F8A26D3A87C0058F84D /* CustomCellsViewController.swift */ = {isa = PBXFileReference; lastKnownFileType = sourcecode.swift; path = CustomCellsViewController.swift; sourceTree = "<group>"; };
		407A1F8C26D3AB5F0058F84D /* CustomTableViewCell.swift */ = {isa = PBXFileReference; lastKnownFileType = sourcecode.swift; path = CustomTableViewCell.swift; sourceTree = "<group>"; };
		407A1F9126D3BC860058F84D /* PageControlViewController.swift */ = {isa = PBXFileReference; lastKnownFileType = sourcecode.swift; path = PageControlViewController.swift; sourceTree = "<group>"; };
		407A1FE526D4C82B0058F84D /* LoginViewController.swift */ = {isa = PBXFileReference; lastKnownFileType = sourcecode.swift; path = LoginViewController.swift; sourceTree = "<group>"; };
		407A1FE926D524570058F84D /* GoogleService-Info.plist */ = {isa = PBXFileReference; fileEncoding = 4; lastKnownFileType = text.plist.xml; path = "GoogleService-Info.plist"; sourceTree = "<group>"; };
		407A1FEC26D52A650058F84D /* FloatingTextViewController.swift */ = {isa = PBXFileReference; lastKnownFileType = sourcecode.swift; path = FloatingTextViewController.swift; sourceTree = "<group>"; };
		407A1FEE26D55A600058F84D /* RegistrationViewController.swift */ = {isa = PBXFileReference; lastKnownFileType = sourcecode.swift; path = RegistrationViewController.swift; sourceTree = "<group>"; };
		407A1FF026D5680B0058F84D /* AuthManager.swift */ = {isa = PBXFileReference; lastKnownFileType = sourcecode.swift; path = AuthManager.swift; sourceTree = "<group>"; };
		407A1FF226D568220058F84D /* DatabaseManager.swift */ = {isa = PBXFileReference; lastKnownFileType = sourcecode.swift; path = DatabaseManager.swift; sourceTree = "<group>"; };
		407A1FFC26D66A780058F84D /* SettingViewController.swift */ = {isa = PBXFileReference; lastKnownFileType = sourcecode.swift; path = SettingViewController.swift; sourceTree = "<group>"; };
		407A1FFE26D66A9B0058F84D /* ProfileViewController.swift */ = {isa = PBXFileReference; lastKnownFileType = sourcecode.swift; path = ProfileViewController.swift; sourceTree = "<group>"; };
		407A200226D67E460058F84D /* IOSTabBarController.swift */ = {isa = PBXFileReference; lastKnownFileType = sourcecode.swift; path = IOSTabBarController.swift; sourceTree = "<group>"; };
		407A200526D67FB50058F84D /* IOSTabBar.swift */ = {isa = PBXFileReference; lastKnownFileType = sourcecode.swift; path = IOSTabBar.swift; sourceTree = "<group>"; };
		408D96F626E840C700C87FF9 /* LocationPickerViewController.swift */ = {isa = PBXFileReference; lastKnownFileType = sourcecode.swift; path = LocationPickerViewController.swift; sourceTree = "<group>"; };
		40C2442526DFEE1600374DB2 /* ChatViewController.swift */ = {isa = PBXFileReference; lastKnownFileType = sourcecode.swift; path = ChatViewController.swift; sourceTree = "<group>"; };
		40C2442726E01BC200374DB2 /* NewConversationViewController.swift */ = {isa = PBXFileReference; lastKnownFileType = sourcecode.swift; path = NewConversationViewController.swift; sourceTree = "<group>"; };
		40C2442926E0331F00374DB2 /* StorageManager.swift */ = {isa = PBXFileReference; lastKnownFileType = sourcecode.swift; path = StorageManager.swift; sourceTree = "<group>"; };
		40DF551026CD129800FD9FB8 /* AdvancedCollectionTableViewCell.swift */ = {isa = PBXFileReference; lastKnownFileType = sourcecode.swift; path = AdvancedCollectionTableViewCell.swift; sourceTree = "<group>"; };
		40DF551226CD12C300FD9FB8 /* TableCollectionViewCell.swift */ = {isa = PBXFileReference; lastKnownFileType = sourcecode.swift; path = TableCollectionViewCell.swift; sourceTree = "<group>"; };
		40DF551426CD12E600FD9FB8 /* AdvencedModel.swift */ = {isa = PBXFileReference; lastKnownFileType = sourcecode.swift; path = AdvencedModel.swift; sourceTree = "<group>"; };
		40DF551626CD130600FD9FB8 /* AdvancedViewController.swift */ = {isa = PBXFileReference; lastKnownFileType = sourcecode.swift; path = AdvancedViewController.swift; sourceTree = "<group>"; };
		40DF551926CD13A200FD9FB8 /* video.mp4 */ = {isa = PBXFileReference; lastKnownFileType = file; path = video.mp4; sourceTree = "<group>"; };
		40DF551D26CD2FB400FD9FB8 /* BarButtonItemViewController.swift */ = {isa = PBXFileReference; lastKnownFileType = sourcecode.swift; path = BarButtonItemViewController.swift; sourceTree = "<group>"; };
		719BFC8F81408045F597C854 /* Pods-ios100ToyExample.debug.xcconfig */ = {isa = PBXFileReference; includeInIndex = 1; lastKnownFileType = text.xcconfig; name = "Pods-ios100ToyExample.debug.xcconfig"; path = "Target Support Files/Pods-ios100ToyExample/Pods-ios100ToyExample.debug.xcconfig"; sourceTree = "<group>"; };
		8F57BC7F205787BA7AF735B3 /* Pods-ios100ToyExample.release.xcconfig */ = {isa = PBXFileReference; includeInIndex = 1; lastKnownFileType = text.xcconfig; name = "Pods-ios100ToyExample.release.xcconfig"; path = "Target Support Files/Pods-ios100ToyExample/Pods-ios100ToyExample.release.xcconfig"; sourceTree = "<group>"; };
/* End PBXFileReference section */

/* Begin PBXFrameworksBuildPhase section */
		4035029926CB4B4B004BD348 /* Frameworks */ = {
			isa = PBXFrameworksBuildPhase;
			buildActionMask = 2147483647;
			files = (
				E9A3D8F98CDB652CA81284FC /* Pods_ios100ToyExample.framework in Frameworks */,
			);
			runOnlyForDeploymentPostprocessing = 0;
		};
/* End PBXFrameworksBuildPhase section */

/* Begin PBXGroup section */
		4004B1E626DD2350005CC3EB /* Cell */ = {
			isa = PBXGroup;
			children = (
				4004B1E726DD237A005CC3EB /* EditProfileTableViewCell.swift */,
				405AD93726DE0CB90079734A /* EditTextViewTableViewCell.swift */,
			);
			name = Cell;
			sourceTree = "<group>";
		};
		40180B2826EA258700E64A9C /* Model */ = {
			isa = PBXGroup;
			children = (
				406FE6B226DC00FD0036DE44 /* Model.swift */,
				40180B2926EA25A400E64A9C /* ConversationModel.swift */,
				40180B2B26EA25ED00E64A9C /* ChatModel.swift */,
				40180B2D26EA265500E64A9C /* SerchResult.swift */,
			);
			path = Model;
			sourceTree = "<group>";
		};
		40180B2F26EA721D00E64A9C /* ExampleView */ = {
			isa = PBXGroup;
			children = (
				40180B3026EA767E00E64A9C /* ExampleViewController.swift */,
				40180B3226EA785200E64A9C /* ExampleTableViewCell.swift */,
				40180B3426EA7B4600E64A9C /* ExampleCollectionViewCell.swift */,
				40180B3626EA81EF00E64A9C /* ExampleViewModel.swift */,
			);
			path = ExampleView;
			sourceTree = "<group>";
		};
		40180B3826EBB39D00E64A9C /* New Group */ = {
			isa = PBXGroup;
			children = (
			);
			path = "New Group";
			sourceTree = "<group>";
		};
		4035029326CB4B4B004BD348 = {
			isa = PBXGroup;
			children = (
				4035029E26CB4B4B004BD348 /* ios100ToyExample */,
				403502AA26CB4B4D004BD348 /* LaunchScreen.storyboard */,
				4035029D26CB4B4B004BD348 /* Products */,
				51517D4ABB6E83B5401D9EDD /* Pods */,
				E39F52899B6D08D6F488726E /* Frameworks */,
			);
			sourceTree = "<group>";
		};
		4035029D26CB4B4B004BD348 /* Products */ = {
			isa = PBXGroup;
			children = (
				4035029C26CB4B4B004BD348 /* ios100ToyExample.app */,
			);
			name = Products;
			sourceTree = "<group>";
		};
		4035029E26CB4B4B004BD348 /* ios100ToyExample */ = {
			isa = PBXGroup;
			children = (
				407A1F7B26D244DA0058F84D /* MemoWithPhoto */,
				407A1FF426D669180058F84D /* Example */,
				407A1FE426D4C80D0058F84D /* Login&registe&database */,
				403502AD26CB4B4D004BD348 /* Info.plist */,
				403502A826CB4B4D004BD348 /* Assets.xcassets */,
				403502A526CB4B4B004BD348 /* Main.storyboard */,
			);
			path = ios100ToyExample;
			sourceTree = "<group>";
		};
		403502B326CB4D0C004BD348 /* AnimatedTabBar */ = {
			isa = PBXGroup;
			children = (
				403502B426CB4FB0004BD348 /* AnimatedCustomTabBarController.swift */,
			);
			path = AnimatedTabBar;
			sourceTree = "<group>";
		};
		403502B626CB5E7A004BD348 /* Gradients */ = {
			isa = PBXGroup;
			children = (
				403502B926CB5EF3004BD348 /* GradientViewController.swift */,
			);
			path = Gradients;
			sourceTree = "<group>";
		};
		403502BB26CB61BA004BD348 /* DateFormmater */ = {
			isa = PBXGroup;
			children = (
				403502BC26CB61F2004BD348 /* DateFormatterViewController.swift */,
			);
			path = DateFormmater;
			sourceTree = "<group>";
		};
		403502C026CB8444004BD348 /* Alarm */ = {
			isa = PBXGroup;
			children = (
				403502C126CB847F004BD348 /* AlarmModel.swift */,
				403502C726CB88EA004BD348 /* AddAlarmViewController.swift */,
				403502C326CB84F0004BD348 /* AlarmViewController.swift */,
			);
			path = Alarm;
			sourceTree = "<group>";
		};
		403502CC26CBBD12004BD348 /* CheakList */ = {
			isa = PBXGroup;
			children = (
				403502CD26CBBD6B004BD348 /* CheckViewController.swift */,
				403502CF26CBBD9D004BD348 /* CheckModel.swift */,
			);
			path = CheakList;
			sourceTree = "<group>";
		};
		403502D126CBCD75004BD348 /* ColorWell */ = {
			isa = PBXGroup;
			children = (
				403502D226CBCDC0004BD348 /* ColorWellViewController.swift */,
			);
			path = ColorWell;
			sourceTree = "<group>";
		};
		403502D426CBE3EE004BD348 /* FontPicker */ = {
			isa = PBXGroup;
			children = (
				403502D526CBE46C004BD348 /* FontPickerViewController.swift */,
			);
			path = FontPicker;
			sourceTree = "<group>";
		};
		403502D726CBF447004BD348 /* CustomTabBar */ = {
			isa = PBXGroup;
			children = (
				403502D826CBF490004BD348 /* CustomTabBarController.swift */,
				403502DA26CBF546004BD348 /* CustomTabBar.swift */,
			);
			path = CustomTabBar;
			sourceTree = "<group>";
		};
		403502DE26CC8554004BD348 /* PDFkit */ = {
			isa = PBXGroup;
			children = (
				403502DF26CC8637004BD348 /* Intro to Swift.pdf */,
				403502E126CC8699004BD348 /* PDFkitViewController.swift */,
			);
			path = PDFkit;
			sourceTree = "<group>";
		};
		403502E326CC9EDC004BD348 /* Spinner */ = {
			isa = PBXGroup;
			children = (
				403502E426CCA016004BD348 /* SpinnerViewController.swift */,
			);
			path = Spinner;
			sourceTree = "<group>";
		};
		403502E626CCAC59004BD348 /* WebView */ = {
			isa = PBXGroup;
			children = (
				403502E726CCAC76004BD348 /* WebViewController.swift */,
			);
			path = WebView;
			sourceTree = "<group>";
		};
		403502E926CCCFD6004BD348 /* Carousel */ = {
			isa = PBXGroup;
			children = (
				403502EA26CCD098004BD348 /* CarouselViewController.swift */,
				403502F026CCE22B004BD348 /* CarouselModel.swift */,
				403502EC26CCD39A004BD348 /* CollectionTableViewCell.swift */,
				403502EE26CCDDEC004BD348 /* TileCollectionViewCell.swift */,
			);
			path = Carousel;
			sourceTree = "<group>";
		};
		405AD93926DE53F40079734A /* Chat */ = {
			isa = PBXGroup;
			children = (
				405AD93A26DE542A0079734A /* ConversationsViewController.swift */,
				40C2442526DFEE1600374DB2 /* ChatViewController.swift */,
				4014B97826E24C3800ADFEC8 /* ConversationTableViewCell.swift */,
				4014B97A26E779B400ADFEC8 /* PhotoViewerViewController.swift */,
				40C2442726E01BC200374DB2 /* NewConversationViewController.swift */,
				4014B97C26E7A69900ADFEC8 /* NewConversationCell.swift */,
				408D96F626E840C700C87FF9 /* LocationPickerViewController.swift */,
			);
			path = Chat;
			sourceTree = "<group>";
		};
		405AD93C26DE68B50079734A /* Home */ = {
			isa = PBXGroup;
			children = (
				405AD93D26DE68C80079734A /* HomeViewController.swift */,
			);
			path = Home;
			sourceTree = "<group>";
		};
		406FE6B126DC00580036DE44 /* Profile */ = {
			isa = PBXGroup;
			children = (
				4004B1E626DD2350005CC3EB /* Cell */,
				406FE6B626DCD9350036DE44 /* Setting */,
				407A1FFE26D66A9B0058F84D /* ProfileViewController.swift */,
				406FE6B426DCD15C0036DE44 /* ProfileInfoHeaderTableHeaderView.swift */,
			);
			path = Profile;
			sourceTree = "<group>";
		};
		406FE6B626DCD9350036DE44 /* Setting */ = {
			isa = PBXGroup;
			children = (
				407A1FFC26D66A780058F84D /* SettingViewController.swift */,
				4004B1E426DD209F005CC3EB /* EditProfileViewController.swift */,
			);
			name = Setting;
			sourceTree = "<group>";
		};
		4078640326CE027E00C864FD /* NewsAPIApp */ = {
			isa = PBXGroup;
			children = (
				407A1F4626CE6EE80058F84D /* NewsModel.swift */,
				407A1F4226CE5AAD0058F84D /* APICaller.swift */,
				4078640426CE02A900C864FD /* NewsViewController.swift */,
				407A1F4426CE6D170058F84D /* NewsTableViewCell.swift */,
			);
			path = NewsAPIApp;
			sourceTree = "<group>";
		};
		4078640826CE11E000C864FD /* Memo */ = {
			isa = PBXGroup;
			children = (
				4078641126CE12D200C864FD /* DataManager.swift */,
				4078640926CE122100C864FD /* MemoListTableViewController.swift */,
				4078640B26CE125100C864FD /* ComposeViewController.swift */,
				4078640D26CE127D00C864FD /* UIViewController+Alert.swift */,
				4078640F26CE129D00C864FD /* DetailViewController.swift */,
				407A1F3826CE195A0058F84D /* ios100ToyExample.xcdatamodeld */,
			);
			path = Memo;
			sourceTree = "<group>";
		};
		407A1F3F26CE33F90058F84D /* TextFieldAlert */ = {
			isa = PBXGroup;
			children = (
				407A1F4026CE35040058F84D /* TextFieldAlertViewController.swift */,
			);
			path = TextFieldAlert;
			sourceTree = "<group>";
		};
		407A1F4826CF37FB0058F84D /* TableViewSection&Headers,footers */ = {
			isa = PBXGroup;
			children = (
				407A1F4926CF38F10058F84D /* SectionViewController.swift */,
				407A1F4B26CF411F0058F84D /* SectionITableViewHeader&FooterView.swift */,
			);
			path = "TableViewSection&Headers,footers";
			sourceTree = "<group>";
		};
		407A1F4D26CF6A9D0058F84D /* TableView */ = {
			isa = PBXGroup;
			children = (
				407A1F4E26CF6AE60058F84D /* TableViewController.swift */,
			);
			path = TableView;
			sourceTree = "<group>";
		};
		407A1F5026CF72500058F84D /* KeyboardToolbar */ = {
			isa = PBXGroup;
			children = (
				407A1F5126CF729C0058F84D /* KeyboardToolBarViewController.swift */,
			);
			path = KeyboardToolbar;
			sourceTree = "<group>";
		};
		407A1F5326CF7D130058F84D /* CollectionView */ = {
			isa = PBXGroup;
			children = (
				407A1F5426CF7D440058F84D /* CollectionViewController.swift */,
				407A1F5626CF8C640058F84D /* PhotoCollectionViewCell.swift */,
			);
			path = CollectionView;
			sourceTree = "<group>";
		};
		407A1F5826CF9C5B0058F84D /* Chart,Graph */ = {
			isa = PBXGroup;
			children = (
				407A1F5926CF9D280058F84D /* BarViewController.swift */,
				407A1F5B26CF9D6C0058F84D /* LineViewController.swift */,
				407A1F5D26CF9D880058F84D /* PieViewController.swift */,
			);
			path = "Chart,Graph";
			sourceTree = "<group>";
		};
		407A1F5F26CFB3270058F84D /* CoreAnimation */ = {
			isa = PBXGroup;
			children = (
				407A1F6026CFB36B0058F84D /* CoreAnimationViewController.swift */,
				407A1F6226CFC9630058F84D /* TheAnimaionViewController.swift */,
			);
			path = CoreAnimation;
			sourceTree = "<group>";
		};
		407A1F6426CFCC7D0058F84D /* AudioPlay */ = {
			isa = PBXGroup;
			children = (
				407A1F6726CFCCD00058F84D /* 키보드.mp3 */,
				407A1F6526CFCCB90058F84D /* AudioViewController.swift */,
			);
			path = AudioPlay;
			sourceTree = "<group>";
		};
		407A1F6C26CFD7000058F84D /* Timer */ = {
			isa = PBXGroup;
			children = (
				407A1F6D26CFD7CC0058F84D /* TimerViewController.swift */,
			);
			path = Timer;
			sourceTree = "<group>";
		};
		407A1F6F26D0A1FF0058F84D /* Camera1 */ = {
			isa = PBXGroup;
			children = (
				407A1F7026D0A21E0058F84D /* CameraViewController.swift */,
			);
			path = Camera1;
			sourceTree = "<group>";
		};
		407A1F7226D0A9C30058F84D /* Camera2 */ = {
			isa = PBXGroup;
			children = (
				407A1F7326D0AAE90058F84D /* YPImageViewController.swift */,
			);
			path = Camera2;
			sourceTree = "<group>";
		};
		407A1F7526D0C4260058F84D /* AutoLayout Programmatically */ = {
			isa = PBXGroup;
			children = (
				407A1F7626D0C44C0058F84D /* AutoLayoutViewController.swift */,
				407A1F7C26D24F520058F84D /* SnapkitViewController.swift */,
			);
			path = "AutoLayout Programmatically";
			sourceTree = "<group>";
		};
		407A1F7826D0DE090058F84D /* StackView */ = {
			isa = PBXGroup;
			children = (
				407A1F7926D0DE220058F84D /* StackViewController.swift */,
			);
			path = StackView;
			sourceTree = "<group>";
		};
		407A1F7B26D244DA0058F84D /* MemoWithPhoto */ = {
			isa = PBXGroup;
			children = (
			);
			path = MemoWithPhoto;
			sourceTree = "<group>";
		};
		407A1F7E26D2928A0058F84D /* UsingTimer */ = {
			isa = PBXGroup;
			children = (
				407A1F7F26D293140058F84D /* UsingTimerViewController.swift */,
			);
			path = UsingTimer;
			sourceTree = "<group>";
		};
		407A1F8126D375850058F84D /* StretchyTableViewHeader  */ = {
			isa = PBXGroup;
			children = (
				407A1F8226D375B40058F84D /* StretchyViewController.swift */,
				407A1F8426D3799F0058F84D /* StretchyHeader.swift */,
			);
			path = "StretchyTableViewHeader ";
			sourceTree = "<group>";
		};
		407A1F8626D3A7C90058F84D /* CustomCells Programmatically */ = {
			isa = PBXGroup;
			children = (
				407A1F8A26D3A87C0058F84D /* CustomCellsViewController.swift */,
				407A1F8C26D3AB5F0058F84D /* CustomTableViewCell.swift */,
			);
			path = "CustomCells Programmatically";
			sourceTree = "<group>";
		};
		407A1F8E26D3BB740058F84D /* PageControl */ = {
			isa = PBXGroup;
			children = (
				407A1F9126D3BC860058F84D /* PageControlViewController.swift */,
			);
			path = PageControl;
			sourceTree = "<group>";
		};
		407A1FE426D4C80D0058F84D /* Login&registe&database */ = {
			isa = PBXGroup;
			children = (
				407A1FF626D669D30058F84D /* Controller */,
			);
			path = "Login&registe&database";
			sourceTree = "<group>";
		};
		407A1FEB26D52A0D0058F84D /* FloatingLabelTextField */ = {
			isa = PBXGroup;
			children = (
				407A1FEC26D52A650058F84D /* FloatingTextViewController.swift */,
			);
			path = FloatingLabelTextField;
			sourceTree = "<group>";
		};
		407A1FF426D669180058F84D /* Example */ = {
			isa = PBXGroup;
			children = (
				407A1FEB26D52A0D0058F84D /* FloatingLabelTextField */,
				403502CC26CBBD12004BD348 /* CheakList */,
				407A1F4D26CF6A9D0058F84D /* TableView */,
				403502B326CB4D0C004BD348 /* AnimatedTabBar */,
				403502B626CB5E7A004BD348 /* Gradients */,
				407A1F7E26D2928A0058F84D /* UsingTimer */,
				407A1F6C26CFD7000058F84D /* Timer */,
				407A1F5826CF9C5B0058F84D /* Chart,Graph */,
				403502BB26CB61BA004BD348 /* DateFormmater */,
				403502C026CB8444004BD348 /* Alarm */,
				403502D126CBCD75004BD348 /* ColorWell */,
				403502D426CBE3EE004BD348 /* FontPicker */,
				403502D726CBF447004BD348 /* CustomTabBar */,
				403502DE26CC8554004BD348 /* PDFkit */,
				403502E626CCAC59004BD348 /* WebView */,
				403502E326CC9EDC004BD348 /* Spinner */,
				40DF551B26CD2F7200FD9FB8 /* BarButtonItem */,
				403502E926CCCFD6004BD348 /* Carousel */,
				4078640826CE11E000C864FD /* Memo */,
				407A1F5F26CFB3270058F84D /* CoreAnimation */,
				40DF550E26CD0FDE00FD9FB8 /* AdvancedTableView */,
				4078640326CE027E00C864FD /* NewsAPIApp */,
				407A1F4826CF37FB0058F84D /* TableViewSection&Headers,footers */,
				407A1F5026CF72500058F84D /* KeyboardToolbar */,
				407A1F5326CF7D130058F84D /* CollectionView */,
				407A1F3F26CE33F90058F84D /* TextFieldAlert */,
				407A1F6426CFCC7D0058F84D /* AudioPlay */,
				407A1F8126D375850058F84D /* StretchyTableViewHeader  */,
				407A1F6F26D0A1FF0058F84D /* Camera1 */,
				407A1F7226D0A9C30058F84D /* Camera2 */,
				407A1F7526D0C4260058F84D /* AutoLayout Programmatically */,
				407A1F8626D3A7C90058F84D /* CustomCells Programmatically */,
				407A1F8E26D3BB740058F84D /* PageControl */,
				407A1F7826D0DE090058F84D /* StackView */,
			);
			path = Example;
			sourceTree = "<group>";
		};
		407A1FF526D669A30058F84D /* Resorce */ = {
			isa = PBXGroup;
			children = (
				407A1FE926D524570058F84D /* GoogleService-Info.plist */,
				4035029F26CB4B4B004BD348 /* AppDelegate.swift */,
				4078640626CE06A200C864FD /* FrameExtensions.swift */,
				403502A126CB4B4B004BD348 /* SceneDelegate.swift */,
				407A1FF026D5680B0058F84D /* AuthManager.swift */,
				407A1FF226D568220058F84D /* DatabaseManager.swift */,
				40C2442926E0331F00374DB2 /* StorageManager.swift */,
			);
			path = Resorce;
			sourceTree = "<group>";
		};
		407A1FF626D669D30058F84D /* Controller */ = {
			isa = PBXGroup;
			children = (
				40180B2826EA258700E64A9C /* Model */,
				407A1FF526D669A30058F84D /* Resorce */,
				407A1FF926D66A130058F84D /* Onbording */,
				407A1FF826D66A050058F84D /* CoreTabs */,
				407A1FF726D669F40058F84D /* General */,
			);
			path = Controller;
			sourceTree = "<group>";
		};
		407A1FF726D669F40058F84D /* General */ = {
			isa = PBXGroup;
			children = (
				407A200426D67F930058F84D /* TabBar */,
			);
			path = General;
			sourceTree = "<group>";
		};
		407A1FF826D66A050058F84D /* CoreTabs */ = {
			isa = PBXGroup;
			children = (
				40180B3826EBB39D00E64A9C /* New Group */,
				405AD93926DE53F40079734A /* Chat */,
				405AD93C26DE68B50079734A /* Home */,
				40180B2F26EA721D00E64A9C /* ExampleView */,
				406FE6B126DC00580036DE44 /* Profile */,
			);
			path = CoreTabs;
			sourceTree = "<group>";
		};
		407A1FF926D66A130058F84D /* Onbording */ = {
			isa = PBXGroup;
			children = (
				407A1FE526D4C82B0058F84D /* LoginViewController.swift */,
				407A1FEE26D55A600058F84D /* RegistrationViewController.swift */,
			);
			path = Onbording;
			sourceTree = "<group>";
		};
		407A200426D67F930058F84D /* TabBar */ = {
			isa = PBXGroup;
			children = (
				407A200226D67E460058F84D /* IOSTabBarController.swift */,
				407A200526D67FB50058F84D /* IOSTabBar.swift */,
			);
			path = TabBar;
			sourceTree = "<group>";
		};
		40DF550E26CD0FDE00FD9FB8 /* AdvancedTableView */ = {
			isa = PBXGroup;
			children = (
				40DF551926CD13A200FD9FB8 /* video.mp4 */,
				40DF551026CD129800FD9FB8 /* AdvancedCollectionTableViewCell.swift */,
				40DF551226CD12C300FD9FB8 /* TableCollectionViewCell.swift */,
				40DF551426CD12E600FD9FB8 /* AdvencedModel.swift */,
				40DF551626CD130600FD9FB8 /* AdvancedViewController.swift */,
			);
			path = AdvancedTableView;
			sourceTree = "<group>";
		};
		40DF551B26CD2F7200FD9FB8 /* BarButtonItem */ = {
			isa = PBXGroup;
			children = (
				40DF551D26CD2FB400FD9FB8 /* BarButtonItemViewController.swift */,
			);
			path = BarButtonItem;
			sourceTree = "<group>";
		};
		51517D4ABB6E83B5401D9EDD /* Pods */ = {
			isa = PBXGroup;
			children = (
				719BFC8F81408045F597C854 /* Pods-ios100ToyExample.debug.xcconfig */,
				8F57BC7F205787BA7AF735B3 /* Pods-ios100ToyExample.release.xcconfig */,
			);
			path = Pods;
			sourceTree = "<group>";
		};
		E39F52899B6D08D6F488726E /* Frameworks */ = {
			isa = PBXGroup;
			children = (
				10AF8711D20BB765BDA94AB6 /* Pods_ios100ToyExample.framework */,
			);
			name = Frameworks;
			sourceTree = "<group>";
		};
/* End PBXGroup section */

/* Begin PBXNativeTarget section */
		4035029B26CB4B4B004BD348 /* ios100ToyExample */ = {
			isa = PBXNativeTarget;
			buildConfigurationList = 403502B026CB4B4D004BD348 /* Build configuration list for PBXNativeTarget "ios100ToyExample" */;
			buildPhases = (
				C654C262D138D344075D2EDC /* [CP] Check Pods Manifest.lock */,
				4035029826CB4B4B004BD348 /* Sources */,
				4035029926CB4B4B004BD348 /* Frameworks */,
				4035029A26CB4B4B004BD348 /* Resources */,
				73E7BFC9996BE057D52078AC /* [CP] Embed Pods Frameworks */,
				408D96F826E9E07300C87FF9 /* ShellScript */,
			);
			buildRules = (
			);
			dependencies = (
			);
			name = ios100ToyExample;
			productName = ios100ToyExample;
			productReference = 4035029C26CB4B4B004BD348 /* ios100ToyExample.app */;
			productType = "com.apple.product-type.application";
		};
/* End PBXNativeTarget section */

/* Begin PBXProject section */
		4035029426CB4B4B004BD348 /* Project object */ = {
			isa = PBXProject;
			attributes = {
				LastSwiftUpdateCheck = 1250;
				LastUpgradeCheck = 1250;
				TargetAttributes = {
					4035029B26CB4B4B004BD348 = {
						CreatedOnToolsVersion = 12.5.1;
					};
				};
			};
			buildConfigurationList = 4035029726CB4B4B004BD348 /* Build configuration list for PBXProject "ios100ToyExample" */;
			compatibilityVersion = "Xcode 9.3";
			developmentRegion = en;
			hasScannedForEncodings = 0;
			knownRegions = (
				en,
				Base,
			);
			mainGroup = 4035029326CB4B4B004BD348;
			productRefGroup = 4035029D26CB4B4B004BD348 /* Products */;
			projectDirPath = "";
			projectRoot = "";
			targets = (
				4035029B26CB4B4B004BD348 /* ios100ToyExample */,
			);
		};
/* End PBXProject section */

/* Begin PBXResourcesBuildPhase section */
		4035029A26CB4B4B004BD348 /* Resources */ = {
			isa = PBXResourcesBuildPhase;
			buildActionMask = 2147483647;
			files = (
				407A1F6826CFCCD00058F84D /* 키보드.mp3 in Resources */,
				403502AC26CB4B4D004BD348 /* LaunchScreen.storyboard in Resources */,
				40DF551A26CD13A200FD9FB8 /* video.mp4 in Resources */,
				403502A926CB4B4D004BD348 /* Assets.xcassets in Resources */,
				403502A726CB4B4B004BD348 /* Main.storyboard in Resources */,
				403502E026CC8638004BD348 /* Intro to Swift.pdf in Resources */,
				407A1FEA26D524580058F84D /* GoogleService-Info.plist in Resources */,
			);
			runOnlyForDeploymentPostprocessing = 0;
		};
/* End PBXResourcesBuildPhase section */

/* Begin PBXShellScriptBuildPhase section */
		408D96F826E9E07300C87FF9 /* ShellScript */ = {
			isa = PBXShellScriptBuildPhase;
			buildActionMask = 2147483647;
			files = (
			);
			inputFileListPaths = (
			);
			inputPaths = (
				"${DWARF_DSYM_FOLDER_PATH}/${DWARF_DSYM_FILE_NAME}/Contents/Resources/DWARF/${TARGET_NAME}",
			);
			outputFileListPaths = (
			);
			outputPaths = (
			);
			runOnlyForDeploymentPostprocessing = 0;
			shellPath = /bin/sh;
			shellScript = "\"${PODS_ROOT}/FirebaseCrashlytics/run\"\n";
		};
		73E7BFC9996BE057D52078AC /* [CP] Embed Pods Frameworks */ = {
			isa = PBXShellScriptBuildPhase;
			buildActionMask = 2147483647;
			files = (
			);
			inputFileListPaths = (
				"${PODS_ROOT}/Target Support Files/Pods-ios100ToyExample/Pods-ios100ToyExample-frameworks-${CONFIGURATION}-input-files.xcfilelist",
			);
			name = "[CP] Embed Pods Frameworks";
			outputFileListPaths = (
				"${PODS_ROOT}/Target Support Files/Pods-ios100ToyExample/Pods-ios100ToyExample-frameworks-${CONFIGURATION}-output-files.xcfilelist",
			);
			runOnlyForDeploymentPostprocessing = 0;
			shellPath = /bin/sh;
			shellScript = "\"${PODS_ROOT}/Target Support Files/Pods-ios100ToyExample/Pods-ios100ToyExample-frameworks.sh\"\n";
			showEnvVarsInLog = 0;
		};
		C654C262D138D344075D2EDC /* [CP] Check Pods Manifest.lock */ = {
			isa = PBXShellScriptBuildPhase;
			buildActionMask = 2147483647;
			files = (
			);
			inputFileListPaths = (
			);
			inputPaths = (
				"${PODS_PODFILE_DIR_PATH}/Podfile.lock",
				"${PODS_ROOT}/Manifest.lock",
			);
			name = "[CP] Check Pods Manifest.lock";
			outputFileListPaths = (
			);
			outputPaths = (
				"$(DERIVED_FILE_DIR)/Pods-ios100ToyExample-checkManifestLockResult.txt",
			);
			runOnlyForDeploymentPostprocessing = 0;
			shellPath = /bin/sh;
			shellScript = "diff \"${PODS_PODFILE_DIR_PATH}/Podfile.lock\" \"${PODS_ROOT}/Manifest.lock\" > /dev/null\nif [ $? != 0 ] ; then\n    # print error to STDERR\n    echo \"error: The sandbox is not in sync with the Podfile.lock. Run 'pod install' or update your CocoaPods installation.\" >&2\n    exit 1\nfi\n# This output is used by Xcode 'outputs' to avoid re-running this script phase.\necho \"SUCCESS\" > \"${SCRIPT_OUTPUT_FILE_0}\"\n";
			showEnvVarsInLog = 0;
		};
/* End PBXShellScriptBuildPhase section */

/* Begin PBXSourcesBuildPhase section */
		4035029826CB4B4B004BD348 /* Sources */ = {
			isa = PBXSourcesBuildPhase;
			buildActionMask = 2147483647;
			files = (
				407A1F4326CE5AAD0058F84D /* APICaller.swift in Sources */,
				407A1F4F26CF6AE60058F84D /* TableViewController.swift in Sources */,
				4078641026CE129D00C864FD /* DetailViewController.swift in Sources */,
				407A1FEF26D55A600058F84D /* RegistrationViewController.swift in Sources */,
				407A1FF326D568220058F84D /* DatabaseManager.swift in Sources */,
				407A1F9226D3BC860058F84D /* PageControlViewController.swift in Sources */,
				403502C426CB84F0004BD348 /* AlarmViewController.swift in Sources */,
				407A1F4C26CF411F0058F84D /* SectionITableViewHeader&FooterView.swift in Sources */,
				403502E826CCAC76004BD348 /* WebViewController.swift in Sources */,
				407A200626D67FB50058F84D /* IOSTabBar.swift in Sources */,
				403502DB26CBF546004BD348 /* CustomTabBar.swift in Sources */,
				408D96F726E840C700C87FF9 /* LocationPickerViewController.swift in Sources */,
				403502ED26CCD39A004BD348 /* CollectionTableViewCell.swift in Sources */,
				4078640C26CE125100C864FD /* ComposeViewController.swift in Sources */,
				407A1FF126D5680B0058F84D /* AuthManager.swift in Sources */,
				403502A026CB4B4B004BD348 /* AppDelegate.swift in Sources */,
				4014B97D26E7A69900ADFEC8 /* NewConversationCell.swift in Sources */,
				407A1F4726CE6EE80058F84D /* NewsModel.swift in Sources */,
				4014B97B26E779B400ADFEC8 /* PhotoViewerViewController.swift in Sources */,
				403502EF26CCDDEC004BD348 /* TileCollectionViewCell.swift in Sources */,
				40C2442626DFEE1600374DB2 /* ChatViewController.swift in Sources */,
				4078641226CE12D200C864FD /* DataManager.swift in Sources */,
				407A1FED26D52A650058F84D /* FloatingTextViewController.swift in Sources */,
				40C2442A26E0331F00374DB2 /* StorageManager.swift in Sources */,
				403502C826CB88EA004BD348 /* AddAlarmViewController.swift in Sources */,
				407A1F5E26CF9D880058F84D /* PieViewController.swift in Sources */,
				40180B2E26EA265500E64A9C /* SerchResult.swift in Sources */,
				40DF551726CD130600FD9FB8 /* AdvancedViewController.swift in Sources */,
				4004B1E526DD209F005CC3EB /* EditProfileViewController.swift in Sources */,
				407A1F7A26D0DE220058F84D /* StackViewController.swift in Sources */,
				403502C226CB847F004BD348 /* AlarmModel.swift in Sources */,
				403502E526CCA016004BD348 /* SpinnerViewController.swift in Sources */,
				407A1F8526D3799F0058F84D /* StretchyHeader.swift in Sources */,
				4078640526CE02A900C864FD /* NewsViewController.swift in Sources */,
				403502E226CC869A004BD348 /* PDFkitViewController.swift in Sources */,
				40180B2C26EA25ED00E64A9C /* ChatModel.swift in Sources */,
				407A1F5726CF8C640058F84D /* PhotoCollectionViewCell.swift in Sources */,
				407A1F5226CF729C0058F84D /* KeyboardToolBarViewController.swift in Sources */,
				40180B2A26EA25A400E64A9C /* ConversationModel.swift in Sources */,
				407A1F6126CFB36B0058F84D /* CoreAnimationViewController.swift in Sources */,
				4078640726CE06A200C864FD /* FrameExtensions.swift in Sources */,
				407A1FFF26D66A9B0058F84D /* ProfileViewController.swift in Sources */,
				406FE6B526DCD15C0036DE44 /* ProfileInfoHeaderTableHeaderView.swift in Sources */,
				407A1F4526CE6D170058F84D /* NewsTableViewCell.swift in Sources */,
				406FE6B326DC00FD0036DE44 /* Model.swift in Sources */,
				407A1F3A26CE195A0058F84D /* ios100ToyExample.xcdatamodeld in Sources */,
				407A1F7426D0AAE90058F84D /* YPImageViewController.swift in Sources */,
				4078640A26CE122100C864FD /* MemoListTableViewController.swift in Sources */,
				40C2442826E01BC200374DB2 /* NewConversationViewController.swift in Sources */,
				403502BA26CB5EF3004BD348 /* GradientViewController.swift in Sources */,
				40DF551126CD129800FD9FB8 /* AdvancedCollectionTableViewCell.swift in Sources */,
				407A1F5A26CF9D280058F84D /* BarViewController.swift in Sources */,
				407A1F8B26D3A87C0058F84D /* CustomCellsViewController.swift in Sources */,
				403502EB26CCD098004BD348 /* CarouselViewController.swift in Sources */,
				407A1FFD26D66A780058F84D /* SettingViewController.swift in Sources */,
				407A1F7126D0A21E0058F84D /* CameraViewController.swift in Sources */,
				403502D326CBCDC0004BD348 /* ColorWellViewController.swift in Sources */,
				407A1F4A26CF38F10058F84D /* SectionViewController.swift in Sources */,
				403502BD26CB61F2004BD348 /* DateFormatterViewController.swift in Sources */,
				405AD93B26DE542A0079734A /* ConversationsViewController.swift in Sources */,
				40180B3726EA81EF00E64A9C /* ExampleViewModel.swift in Sources */,
				40180B3526EA7B4600E64A9C /* ExampleCollectionViewCell.swift in Sources */,
				403502D926CBF490004BD348 /* CustomTabBarController.swift in Sources */,
				405AD93E26DE68C80079734A /* HomeViewController.swift in Sources */,
				407A1F7D26D24F520058F84D /* SnapkitViewController.swift in Sources */,
				4014B97926E24C3800ADFEC8 /* ConversationTableViewCell.swift in Sources */,
				407A1F6E26CFD7CC0058F84D /* TimerViewController.swift in Sources */,
				407A1FE626D4C82B0058F84D /* LoginViewController.swift in Sources */,
				407A1F8326D375B40058F84D /* StretchyViewController.swift in Sources */,
				407A200326D67E460058F84D /* IOSTabBarController.swift in Sources */,
				407A1F5526CF7D440058F84D /* CollectionViewController.swift in Sources */,
				405AD93826DE0CB90079734A /* EditTextViewTableViewCell.swift in Sources */,
				40DF551526CD12E600FD9FB8 /* AdvencedModel.swift in Sources */,
				407A1F6326CFC9630058F84D /* TheAnimaionViewController.swift in Sources */,
				407A1F5C26CF9D6C0058F84D /* LineViewController.swift in Sources */,
				4078640E26CE127D00C864FD /* UIViewController+Alert.swift in Sources */,
				403502CE26CBBD6B004BD348 /* CheckViewController.swift in Sources */,
				407A1F8D26D3AB5F0058F84D /* CustomTableViewCell.swift in Sources */,
				40DF551E26CD2FB400FD9FB8 /* BarButtonItemViewController.swift in Sources */,
				403502D026CBBD9D004BD348 /* CheckModel.swift in Sources */,
				403502D626CBE46C004BD348 /* FontPickerViewController.swift in Sources */,
				403502F126CCE22B004BD348 /* CarouselModel.swift in Sources */,
				40180B3326EA785200E64A9C /* ExampleTableViewCell.swift in Sources */,
				407A1F8026D293140058F84D /* UsingTimerViewController.swift in Sources */,
				403502B526CB4FB0004BD348 /* AnimatedCustomTabBarController.swift in Sources */,
				407A1F4126CE35040058F84D /* TextFieldAlertViewController.swift in Sources */,
				4004B1E826DD237A005CC3EB /* EditProfileTableViewCell.swift in Sources */,
				403502A226CB4B4B004BD348 /* SceneDelegate.swift in Sources */,
				40DF551326CD12C300FD9FB8 /* TableCollectionViewCell.swift in Sources */,
				407A1F6626CFCCB90058F84D /* AudioViewController.swift in Sources */,
				407A1F7726D0C44C0058F84D /* AutoLayoutViewController.swift in Sources */,
				40180B3126EA767E00E64A9C /* ExampleViewController.swift in Sources */,
			);
			runOnlyForDeploymentPostprocessing = 0;
		};
/* End PBXSourcesBuildPhase section */

/* Begin PBXVariantGroup section */
		403502A526CB4B4B004BD348 /* Main.storyboard */ = {
			isa = PBXVariantGroup;
			children = (
				403502A626CB4B4B004BD348 /* Base */,
			);
			name = Main.storyboard;
			sourceTree = "<group>";
		};
		403502AA26CB4B4D004BD348 /* LaunchScreen.storyboard */ = {
			isa = PBXVariantGroup;
			children = (
				403502AB26CB4B4D004BD348 /* Base */,
			);
			name = LaunchScreen.storyboard;
			sourceTree = "<group>";
		};
/* End PBXVariantGroup section */

/* Begin XCBuildConfiguration section */
		403502AE26CB4B4D004BD348 /* Debug */ = {
			isa = XCBuildConfiguration;
			buildSettings = {
				ALWAYS_SEARCH_USER_PATHS = NO;
				CLANG_ANALYZER_NONNULL = YES;
				CLANG_ANALYZER_NUMBER_OBJECT_CONVERSION = YES_AGGRESSIVE;
				CLANG_CXX_LANGUAGE_STANDARD = "gnu++14";
				CLANG_CXX_LIBRARY = "libc++";
				CLANG_ENABLE_MODULES = YES;
				CLANG_ENABLE_OBJC_ARC = YES;
				CLANG_ENABLE_OBJC_WEAK = YES;
				CLANG_WARN_BLOCK_CAPTURE_AUTORELEASING = YES;
				CLANG_WARN_BOOL_CONVERSION = YES;
				CLANG_WARN_COMMA = YES;
				CLANG_WARN_CONSTANT_CONVERSION = YES;
				CLANG_WARN_DEPRECATED_OBJC_IMPLEMENTATIONS = YES;
				CLANG_WARN_DIRECT_OBJC_ISA_USAGE = YES_ERROR;
				CLANG_WARN_DOCUMENTATION_COMMENTS = YES;
				CLANG_WARN_EMPTY_BODY = YES;
				CLANG_WARN_ENUM_CONVERSION = YES;
				CLANG_WARN_INFINITE_RECURSION = YES;
				CLANG_WARN_INT_CONVERSION = YES;
				CLANG_WARN_NON_LITERAL_NULL_CONVERSION = YES;
				CLANG_WARN_OBJC_IMPLICIT_RETAIN_SELF = YES;
				CLANG_WARN_OBJC_LITERAL_CONVERSION = YES;
				CLANG_WARN_OBJC_ROOT_CLASS = YES_ERROR;
				CLANG_WARN_QUOTED_INCLUDE_IN_FRAMEWORK_HEADER = YES;
				CLANG_WARN_RANGE_LOOP_ANALYSIS = YES;
				CLANG_WARN_STRICT_PROTOTYPES = YES;
				CLANG_WARN_SUSPICIOUS_MOVE = YES;
				CLANG_WARN_UNGUARDED_AVAILABILITY = YES_AGGRESSIVE;
				CLANG_WARN_UNREACHABLE_CODE = YES;
				CLANG_WARN__DUPLICATE_METHOD_MATCH = YES;
				COPY_PHASE_STRIP = NO;
				DEBUG_INFORMATION_FORMAT = dwarf;
				ENABLE_STRICT_OBJC_MSGSEND = YES;
				ENABLE_TESTABILITY = YES;
				GCC_C_LANGUAGE_STANDARD = gnu11;
				GCC_DYNAMIC_NO_PIC = NO;
				GCC_NO_COMMON_BLOCKS = YES;
				GCC_OPTIMIZATION_LEVEL = 0;
				GCC_PREPROCESSOR_DEFINITIONS = (
					"DEBUG=1",
					"$(inherited)",
				);
				GCC_WARN_64_TO_32_BIT_CONVERSION = YES;
				GCC_WARN_ABOUT_RETURN_TYPE = YES_ERROR;
				GCC_WARN_UNDECLARED_SELECTOR = YES;
				GCC_WARN_UNINITIALIZED_AUTOS = YES_AGGRESSIVE;
				GCC_WARN_UNUSED_FUNCTION = YES;
				GCC_WARN_UNUSED_VARIABLE = YES;
				IPHONEOS_DEPLOYMENT_TARGET = 14.5;
				MTL_ENABLE_DEBUG_INFO = INCLUDE_SOURCE;
				MTL_FAST_MATH = YES;
				ONLY_ACTIVE_ARCH = YES;
				SDKROOT = iphoneos;
				SWIFT_ACTIVE_COMPILATION_CONDITIONS = DEBUG;
				SWIFT_OPTIMIZATION_LEVEL = "-Onone";
			};
			name = Debug;
		};
		403502AF26CB4B4D004BD348 /* Release */ = {
			isa = XCBuildConfiguration;
			buildSettings = {
				ALWAYS_SEARCH_USER_PATHS = NO;
				CLANG_ANALYZER_NONNULL = YES;
				CLANG_ANALYZER_NUMBER_OBJECT_CONVERSION = YES_AGGRESSIVE;
				CLANG_CXX_LANGUAGE_STANDARD = "gnu++14";
				CLANG_CXX_LIBRARY = "libc++";
				CLANG_ENABLE_MODULES = YES;
				CLANG_ENABLE_OBJC_ARC = YES;
				CLANG_ENABLE_OBJC_WEAK = YES;
				CLANG_WARN_BLOCK_CAPTURE_AUTORELEASING = YES;
				CLANG_WARN_BOOL_CONVERSION = YES;
				CLANG_WARN_COMMA = YES;
				CLANG_WARN_CONSTANT_CONVERSION = YES;
				CLANG_WARN_DEPRECATED_OBJC_IMPLEMENTATIONS = YES;
				CLANG_WARN_DIRECT_OBJC_ISA_USAGE = YES_ERROR;
				CLANG_WARN_DOCUMENTATION_COMMENTS = YES;
				CLANG_WARN_EMPTY_BODY = YES;
				CLANG_WARN_ENUM_CONVERSION = YES;
				CLANG_WARN_INFINITE_RECURSION = YES;
				CLANG_WARN_INT_CONVERSION = YES;
				CLANG_WARN_NON_LITERAL_NULL_CONVERSION = YES;
				CLANG_WARN_OBJC_IMPLICIT_RETAIN_SELF = YES;
				CLANG_WARN_OBJC_LITERAL_CONVERSION = YES;
				CLANG_WARN_OBJC_ROOT_CLASS = YES_ERROR;
				CLANG_WARN_QUOTED_INCLUDE_IN_FRAMEWORK_HEADER = YES;
				CLANG_WARN_RANGE_LOOP_ANALYSIS = YES;
				CLANG_WARN_STRICT_PROTOTYPES = YES;
				CLANG_WARN_SUSPICIOUS_MOVE = YES;
				CLANG_WARN_UNGUARDED_AVAILABILITY = YES_AGGRESSIVE;
				CLANG_WARN_UNREACHABLE_CODE = YES;
				CLANG_WARN__DUPLICATE_METHOD_MATCH = YES;
				COPY_PHASE_STRIP = NO;
				DEBUG_INFORMATION_FORMAT = "dwarf-with-dsym";
				ENABLE_NS_ASSERTIONS = NO;
				ENABLE_STRICT_OBJC_MSGSEND = YES;
				GCC_C_LANGUAGE_STANDARD = gnu11;
				GCC_NO_COMMON_BLOCKS = YES;
				GCC_WARN_64_TO_32_BIT_CONVERSION = YES;
				GCC_WARN_ABOUT_RETURN_TYPE = YES_ERROR;
				GCC_WARN_UNDECLARED_SELECTOR = YES;
				GCC_WARN_UNINITIALIZED_AUTOS = YES_AGGRESSIVE;
				GCC_WARN_UNUSED_FUNCTION = YES;
				GCC_WARN_UNUSED_VARIABLE = YES;
				IPHONEOS_DEPLOYMENT_TARGET = 14.5;
				MTL_ENABLE_DEBUG_INFO = NO;
				MTL_FAST_MATH = YES;
				SDKROOT = iphoneos;
				SWIFT_COMPILATION_MODE = wholemodule;
				SWIFT_OPTIMIZATION_LEVEL = "-O";
				VALIDATE_PRODUCT = YES;
			};
			name = Release;
		};
		403502B126CB4B4D004BD348 /* Debug */ = {
			isa = XCBuildConfiguration;
			baseConfigurationReference = 719BFC8F81408045F597C854 /* Pods-ios100ToyExample.debug.xcconfig */;
			buildSettings = {
				ASSETCATALOG_COMPILER_APPICON_NAME = AppIcon;
				ASSETCATALOG_COMPILER_GLOBAL_ACCENT_COLOR_NAME = AccentColor;
				CODE_SIGN_STYLE = Automatic;
				DEBUG_INFORMATION_FORMAT = "dwarf-with-dsym";
				DEVELOPMENT_TEAM = L765CYF8SR;
				INFOPLIST_FILE = ios100ToyExample/Info.plist;
				LD_RUNPATH_SEARCH_PATHS = (
					"$(inherited)",
					"@executable_path/Frameworks",
				);
				PRODUCT_BUNDLE_IDENTIFIER = com.jihun.ios100ToyExample;
				PRODUCT_NAME = "$(TARGET_NAME)";
				SWIFT_VERSION = 5.0;
				TARGETED_DEVICE_FAMILY = 1;
			};
			name = Debug;
		};
		403502B226CB4B4D004BD348 /* Release */ = {
			isa = XCBuildConfiguration;
			baseConfigurationReference = 8F57BC7F205787BA7AF735B3 /* Pods-ios100ToyExample.release.xcconfig */;
			buildSettings = {
				ASSETCATALOG_COMPILER_APPICON_NAME = AppIcon;
				ASSETCATALOG_COMPILER_GLOBAL_ACCENT_COLOR_NAME = AccentColor;
				CODE_SIGN_STYLE = Automatic;
				DEVELOPMENT_TEAM = L765CYF8SR;
				INFOPLIST_FILE = ios100ToyExample/Info.plist;
				LD_RUNPATH_SEARCH_PATHS = (
					"$(inherited)",
					"@executable_path/Frameworks",
				);
				PRODUCT_BUNDLE_IDENTIFIER = com.jihun.ios100ToyExample;
				PRODUCT_NAME = "$(TARGET_NAME)";
				SWIFT_VERSION = 5.0;
				TARGETED_DEVICE_FAMILY = 1;
			};
			name = Release;
		};
/* End XCBuildConfiguration section */

/* Begin XCConfigurationList section */
		4035029726CB4B4B004BD348 /* Build configuration list for PBXProject "ios100ToyExample" */ = {
			isa = XCConfigurationList;
			buildConfigurations = (
				403502AE26CB4B4D004BD348 /* Debug */,
				403502AF26CB4B4D004BD348 /* Release */,
			);
			defaultConfigurationIsVisible = 0;
			defaultConfigurationName = Release;
		};
		403502B026CB4B4D004BD348 /* Build configuration list for PBXNativeTarget "ios100ToyExample" */ = {
			isa = XCConfigurationList;
			buildConfigurations = (
				403502B126CB4B4D004BD348 /* Debug */,
				403502B226CB4B4D004BD348 /* Release */,
			);
			defaultConfigurationIsVisible = 0;
			defaultConfigurationName = Release;
		};
/* End XCConfigurationList section */

/* Begin XCVersionGroup section */
		407A1F3826CE195A0058F84D /* ios100ToyExample.xcdatamodeld */ = {
			isa = XCVersionGroup;
			children = (
				407A1F3926CE195A0058F84D /* ios100ToyExample.xcdatamodel */,
			);
			currentVersion = 407A1F3926CE195A0058F84D /* ios100ToyExample.xcdatamodel */;
			path = ios100ToyExample.xcdatamodeld;
			sourceTree = "<group>";
			versionGroupType = wrapper.xcdatamodel;
		};
/* End XCVersionGroup section */
	};
	rootObject = 4035029426CB4B4B004BD348 /* Project object */;
}
